// !$*UTF8*$!
{
	archiveVersion = 1;
	classes = {
	};
	objectVersion = 46;
	objects = {

/* Begin PBXBuildFile section */
		4921A5721A581A340029E146 /* uk-only.svg in Resources */ = {isa = PBXBuildFile; fileRef = 4921A5711A581A340029E146 /* uk-only.svg */; };
		492A904E1A44933000E0AE9F /* placeholder.jpg in Resources */ = {isa = PBXBuildFile; fileRef = 492A904D1A44933000E0AE9F /* placeholder.jpg */; };
		49307A1F1A3A3F12005B0937 /* _MHSPhoto.m in Sources */ = {isa = PBXBuildFile; fileRef = 49307A1C1A3A3F12005B0937 /* _MHSPhoto.m */; };
		49307A201A3A3F12005B0937 /* MHSPhoto.m in Sources */ = {isa = PBXBuildFile; fileRef = 49307A1E1A3A3F12005B0937 /* MHSPhoto.m */; };
		494F0ECC1A3A20D1007D8960 /* unnamed.jpg in Resources */ = {isa = PBXBuildFile; fileRef = 494F0ECB1A3A20D1007D8960 /* unnamed.jpg */; };
		4957BB8C1A3DF84E00892C45 /* AFHTTPRequestOperation.m in Sources */ = {isa = PBXBuildFile; fileRef = 4957BB681A3DF84D00892C45 /* AFHTTPRequestOperation.m */; };
		4957BB8D1A3DF84E00892C45 /* AFHTTPRequestOperationManager.m in Sources */ = {isa = PBXBuildFile; fileRef = 4957BB6A1A3DF84D00892C45 /* AFHTTPRequestOperationManager.m */; };
		4957BB8E1A3DF84E00892C45 /* AFHTTPSessionManager.m in Sources */ = {isa = PBXBuildFile; fileRef = 4957BB6C1A3DF84D00892C45 /* AFHTTPSessionManager.m */; };
		4957BB8F1A3DF84E00892C45 /* AFNetworkReachabilityManager.m in Sources */ = {isa = PBXBuildFile; fileRef = 4957BB6F1A3DF84D00892C45 /* AFNetworkReachabilityManager.m */; };
		4957BB901A3DF84E00892C45 /* AFSecurityPolicy.m in Sources */ = {isa = PBXBuildFile; fileRef = 4957BB711A3DF84D00892C45 /* AFSecurityPolicy.m */; };
		4957BB911A3DF84E00892C45 /* AFURLConnectionOperation.m in Sources */ = {isa = PBXBuildFile; fileRef = 4957BB731A3DF84D00892C45 /* AFURLConnectionOperation.m */; };
		4957BB921A3DF84E00892C45 /* AFURLRequestSerialization.m in Sources */ = {isa = PBXBuildFile; fileRef = 4957BB751A3DF84D00892C45 /* AFURLRequestSerialization.m */; };
		4957BB931A3DF84E00892C45 /* AFURLResponseSerialization.m in Sources */ = {isa = PBXBuildFile; fileRef = 4957BB771A3DF84D00892C45 /* AFURLResponseSerialization.m */; };
		4957BB941A3DF84E00892C45 /* AFURLSessionManager.m in Sources */ = {isa = PBXBuildFile; fileRef = 4957BB791A3DF84D00892C45 /* AFURLSessionManager.m */; };
		4957BB951A3DF84E00892C45 /* AFNetworkActivityIndicatorManager.m in Sources */ = {isa = PBXBuildFile; fileRef = 4957BB7C1A3DF84D00892C45 /* AFNetworkActivityIndicatorManager.m */; };
		4957BB961A3DF84E00892C45 /* UIActivityIndicatorView+AFNetworking.m in Sources */ = {isa = PBXBuildFile; fileRef = 4957BB7E1A3DF84D00892C45 /* UIActivityIndicatorView+AFNetworking.m */; };
		4957BB971A3DF84E00892C45 /* UIAlertView+AFNetworking.m in Sources */ = {isa = PBXBuildFile; fileRef = 4957BB801A3DF84E00892C45 /* UIAlertView+AFNetworking.m */; };
		4957BB981A3DF84E00892C45 /* UIButton+AFNetworking.m in Sources */ = {isa = PBXBuildFile; fileRef = 4957BB821A3DF84E00892C45 /* UIButton+AFNetworking.m */; };
		4957BB991A3DF84E00892C45 /* UIImageView+AFNetworking.m in Sources */ = {isa = PBXBuildFile; fileRef = 4957BB841A3DF84E00892C45 /* UIImageView+AFNetworking.m */; };
		4957BB9A1A3DF84E00892C45 /* UIProgressView+AFNetworking.m in Sources */ = {isa = PBXBuildFile; fileRef = 4957BB871A3DF84E00892C45 /* UIProgressView+AFNetworking.m */; };
		4957BB9B1A3DF84E00892C45 /* UIRefreshControl+AFNetworking.m in Sources */ = {isa = PBXBuildFile; fileRef = 4957BB891A3DF84E00892C45 /* UIRefreshControl+AFNetworking.m */; };
		4957BB9C1A3DF84E00892C45 /* UIWebView+AFNetworking.m in Sources */ = {isa = PBXBuildFile; fileRef = 4957BB8B1A3DF84E00892C45 /* UIWebView+AFNetworking.m */; };
		4957BB9F1A3DFBB200892C45 /* NSDictionary+meal.m in Sources */ = {isa = PBXBuildFile; fileRef = 4957BB9E1A3DFBB200892C45 /* NSDictionary+meal.m */; };
		4957BBA21A3EBE7100892C45 /* MHSTagDraw.m in Sources */ = {isa = PBXBuildFile; fileRef = 4957BBA11A3EBE7100892C45 /* MHSTagDraw.m */; };
		4975EB411A2BA5DA00F54354 /* main.m in Sources */ = {isa = PBXBuildFile; fileRef = 4975EB401A2BA5DA00F54354 /* main.m */; };
		4975EB441A2BA5DA00F54354 /* AppDelegate.m in Sources */ = {isa = PBXBuildFile; fileRef = 4975EB431A2BA5DA00F54354 /* AppDelegate.m */; };
		4975EB4D1A2BA5DB00F54354 /* Main.storyboard in Resources */ = {isa = PBXBuildFile; fileRef = 4975EB4B1A2BA5DB00F54354 /* Main.storyboard */; };
		4975EB4F1A2BA5DB00F54354 /* Images.xcassets in Resources */ = {isa = PBXBuildFile; fileRef = 4975EB4E1A2BA5DB00F54354 /* Images.xcassets */; };
		4975EB5E1A2BA5DB00F54354 /* FOODitTests.m in Sources */ = {isa = PBXBuildFile; fileRef = 4975EB5D1A2BA5DB00F54354 /* FOODitTests.m */; };
		497BDBCB1A59B0F8003E9586 /* MHSorderStatusBarViewController.m in Sources */ = {isa = PBXBuildFile; fileRef = 497BDBCA1A59B0F8003E9586 /* MHSorderStatusBarViewController.m */; };
		497BDBCE1A5AFE62003E9586 /* MHSMealViewController.m in Sources */ = {isa = PBXBuildFile; fileRef = 497BDBCD1A5AFE62003E9586 /* MHSMealViewController.m */; };
		49BDA8E41A3B03E800022C18 /* unnamed2.jpg in Resources */ = {isa = PBXBuildFile; fileRef = 49BDA8E31A3B03E800022C18 /* unnamed2.jpg */; };
		49BDA8EA1A3B266800022C18 /* MHSOrderViewController.m in Sources */ = {isa = PBXBuildFile; fileRef = 49BDA8E91A3B266800022C18 /* MHSOrderViewController.m */; };
		49BDA8ED1A3B648A00022C18 /* MHSMyUITableView.m in Sources */ = {isa = PBXBuildFile; fileRef = 49BDA8EC1A3B648900022C18 /* MHSMyUITableView.m */; };
		49BDA8F01A3C667600022C18 /* MHSCoreDataViewController.m in Sources */ = {isa = PBXBuildFile; fileRef = 49BDA8EF1A3C667600022C18 /* MHSCoreDataViewController.m */; };
		49BDA8F31A3C9BC600022C18 /* MHSMealsTableViewController.m in Sources */ = {isa = PBXBuildFile; fileRef = 49BDA8F11A3C9BC600022C18 /* MHSMealsTableViewController.m */; };
		49BDA8FA1A3CA0C800022C18 /* MHSMealCardCurve.m in Sources */ = {isa = PBXBuildFile; fileRef = 49BDA8F91A3CA0C800022C18 /* MHSMealCardCurve.m */; };
		49BDA8FD1A3CA15200022C18 /* FOODitStyleKit.m in Sources */ = {isa = PBXBuildFile; fileRef = 49BDA8FC1A3CA15200022C18 /* FOODitStyleKit.m */; };
		49C832991A33596D00A73B0F /* expand-button.svg in Resources */ = {isa = PBXBuildFile; fileRef = 49C832881A33596D00A73B0F /* expand-button.svg */; };
		49C8329A1A33596D00A73B0F /* meal-card__curve.svg in Resources */ = {isa = PBXBuildFile; fileRef = 49C832891A33596D00A73B0F /* meal-card__curve.svg */; };
		49C8329B1A33596D00A73B0F /* tag--charcoal.svg in Resources */ = {isa = PBXBuildFile; fileRef = 49C8328A1A33596D00A73B0F /* tag--charcoal.svg */; };
		49C8329C1A33596D00A73B0F /* tag--cheese.svg in Resources */ = {isa = PBXBuildFile; fileRef = 49C8328B1A33596D00A73B0F /* tag--cheese.svg */; };
		49C8329D1A33596D00A73B0F /* tag--chicken.svg in Resources */ = {isa = PBXBuildFile; fileRef = 49C8328C1A33596D00A73B0F /* tag--chicken.svg */; };
		49C8329E1A33596D00A73B0F /* tag--grilled.svg in Resources */ = {isa = PBXBuildFile; fileRef = 49C8328D1A33596D00A73B0F /* tag--grilled.svg */; };
		49C8329F1A33596D00A73B0F /* tag--high-protein.svg in Resources */ = {isa = PBXBuildFile; fileRef = 49C8328E1A33596D00A73B0F /* tag--high-protein.svg */; };
		49C832A01A33596D00A73B0F /* tag--lamb.svg in Resources */ = {isa = PBXBuildFile; fileRef = 49C8328F1A33596D00A73B0F /* tag--lamb.svg */; };
		49C832A11A33596D00A73B0F /* tag--pasta.svg in Resources */ = {isa = PBXBuildFile; fileRef = 49C832901A33596D00A73B0F /* tag--pasta.svg */; };
		49C832A21A33596D00A73B0F /* tag--peanut.svg in Resources */ = {isa = PBXBuildFile; fileRef = 49C832911A33596D00A73B0F /* tag--peanut.svg */; };
		49C832A31A33596D00A73B0F /* tag--pork.svg in Resources */ = {isa = PBXBuildFile; fileRef = 49C832921A33596D00A73B0F /* tag--pork.svg */; };
		49C832A41A33596D00A73B0F /* tag--seafood.svg in Resources */ = {isa = PBXBuildFile; fileRef = 49C832931A33596D00A73B0F /* tag--seafood.svg */; };
		49C832A51A33596D00A73B0F /* tag--snack.svg in Resources */ = {isa = PBXBuildFile; fileRef = 49C832941A33596D00A73B0F /* tag--snack.svg */; };
		49C832A61A33596D00A73B0F /* tag--spicy.svg in Resources */ = {isa = PBXBuildFile; fileRef = 49C832951A33596D00A73B0F /* tag--spicy.svg */; };
		49C832A71A33596D00A73B0F /* tag--starter.svg in Resources */ = {isa = PBXBuildFile; fileRef = 49C832961A33596D00A73B0F /* tag--starter.svg */; };
		49C832A81A33596D00A73B0F /* tag--sweet.svg in Resources */ = {isa = PBXBuildFile; fileRef = 49C832971A33596D00A73B0F /* tag--sweet.svg */; };
		49C832A91A33596D00A73B0F /* tag--vegetarian.svg in Resources */ = {isa = PBXBuildFile; fileRef = 49C832981A33596D00A73B0F /* tag--vegetarian.svg */; };
		49C832B21A335B5200A73B0F /* _MHSMeal.m in Sources */ = {isa = PBXBuildFile; fileRef = 49C832AB1A335B5200A73B0F /* _MHSMeal.m */; };
		49C832B31A335B5200A73B0F /* _MHSMealOrder.m in Sources */ = {isa = PBXBuildFile; fileRef = 49C832AD1A335B5200A73B0F /* _MHSMealOrder.m */; };
		49C832B41A335B5200A73B0F /* _MHSOrder.m in Sources */ = {isa = PBXBuildFile; fileRef = 49C832AF1A335B5200A73B0F /* _MHSOrder.m */; };
		49C832B51A335B5200A73B0F /* _MHSTag.m in Sources */ = {isa = PBXBuildFile; fileRef = 49C832B11A335B5200A73B0F /* _MHSTag.m */; };
		49C832BE1A335B5B00A73B0F /* MHSMeal.m in Sources */ = {isa = PBXBuildFile; fileRef = 49C832B71A335B5B00A73B0F /* MHSMeal.m */; };
		49C832BF1A335B5B00A73B0F /* MHSMealOrder.m in Sources */ = {isa = PBXBuildFile; fileRef = 49C832B91A335B5B00A73B0F /* MHSMealOrder.m */; };
		49C832C01A335B5B00A73B0F /* MHSOrder.m in Sources */ = {isa = PBXBuildFile; fileRef = 49C832BB1A335B5B00A73B0F /* MHSOrder.m */; };
		49C832C11A335B5B00A73B0F /* MHSTag.m in Sources */ = {isa = PBXBuildFile; fileRef = 49C832BD1A335B5B00A73B0F /* MHSTag.m */; };
		49C832C61A33613C00A73B0F /* CFNetwork.framework in Frameworks */ = {isa = PBXBuildFile; fileRef = 49C832C51A33613C00A73B0F /* CFNetwork.framework */; };
		49C832C81A33614500A73B0F /* MobileCoreServices.framework in Frameworks */ = {isa = PBXBuildFile; fileRef = 49C832C71A33614500A73B0F /* MobileCoreServices.framework */; };
		49C832CA1A33614F00A73B0F /* Security.framework in Frameworks */ = {isa = PBXBuildFile; fileRef = 49C832C91A33614F00A73B0F /* Security.framework */; };
		49C832CC1A33615700A73B0F /* SystemConfiguration.framework in Frameworks */ = {isa = PBXBuildFile; fileRef = 49C832CB1A33615700A73B0F /* SystemConfiguration.framework */; };
		49E9FD071A375BFE00F9BF50 /* MHSSimpleCoreDataStack.m in Sources */ = {isa = PBXBuildFile; fileRef = 49E9FD061A375BFE00F9BF50 /* MHSSimpleCoreDataStack.m */; };
		49E9FD0B1A37628100F9BF50 /* MHSCoreDataTableViewController.m in Sources */ = {isa = PBXBuildFile; fileRef = 49E9FD0A1A37628100F9BF50 /* MHSCoreDataTableViewController.m */; };
		49E9FD181A37AB8200F9BF50 /* Model.xcdatamodeld in Sources */ = {isa = PBXBuildFile; fileRef = 49E9FD161A37AB8200F9BF50 /* Model.xcdatamodeld */; };
		F4AEE09B236B73456C6FF9D1 /* libPods.a in Frameworks */ = {isa = PBXBuildFile; fileRef = 97DE9E47BA9A3DACF0401D9B /* libPods.a */; };
/* End PBXBuildFile section */

/* Begin PBXContainerItemProxy section */
		4975EB581A2BA5DB00F54354 /* PBXContainerItemProxy */ = {
			isa = PBXContainerItemProxy;
			containerPortal = 4975EB331A2BA5DA00F54354 /* Project object */;
			proxyType = 1;
			remoteGlobalIDString = 4975EB3A1A2BA5DA00F54354;
			remoteInfo = FOODit;
		};
/* End PBXContainerItemProxy section */

/* Begin PBXFileReference section */
		037C4FD536C4374F810E0EFE /* Pods.debug.xcconfig */ = {isa = PBXFileReference; includeInIndex = 1; lastKnownFileType = text.xcconfig; name = Pods.debug.xcconfig; path = "Pods/Target Support Files/Pods/Pods.debug.xcconfig"; sourceTree = "<group>"; };
		4921A5711A581A340029E146 /* uk-only.svg */ = {isa = PBXFileReference; fileEncoding = 4; lastKnownFileType = text.xml; path = "uk-only.svg"; sourceTree = "<group>"; };
		492A904D1A44933000E0AE9F /* placeholder.jpg */ = {isa = PBXFileReference; lastKnownFileType = image.jpeg; path = placeholder.jpg; sourceTree = "<group>"; };
		49307A1B1A3A3F12005B0937 /* _MHSPhoto.h */ = {isa = PBXFileReference; fileEncoding = 4; lastKnownFileType = sourcecode.c.h; path = _MHSPhoto.h; sourceTree = "<group>"; };
		49307A1C1A3A3F12005B0937 /* _MHSPhoto.m */ = {isa = PBXFileReference; fileEncoding = 4; lastKnownFileType = sourcecode.c.objc; path = _MHSPhoto.m; sourceTree = "<group>"; };
		49307A1D1A3A3F12005B0937 /* MHSPhoto.h */ = {isa = PBXFileReference; fileEncoding = 4; lastKnownFileType = sourcecode.c.h; path = MHSPhoto.h; sourceTree = "<group>"; };
		49307A1E1A3A3F12005B0937 /* MHSPhoto.m */ = {isa = PBXFileReference; fileEncoding = 4; lastKnownFileType = sourcecode.c.objc; path = MHSPhoto.m; sourceTree = "<group>"; };
		494F0ECB1A3A20D1007D8960 /* unnamed.jpg */ = {isa = PBXFileReference; lastKnownFileType = image.jpeg; path = unnamed.jpg; sourceTree = SOURCE_ROOT; };
		4957BB671A3DF84D00892C45 /* AFHTTPRequestOperation.h */ = {isa = PBXFileReference; fileEncoding = 4; lastKnownFileType = sourcecode.c.h; path = AFHTTPRequestOperation.h; sourceTree = "<group>"; };
		4957BB681A3DF84D00892C45 /* AFHTTPRequestOperation.m */ = {isa = PBXFileReference; fileEncoding = 4; lastKnownFileType = sourcecode.c.objc; path = AFHTTPRequestOperation.m; sourceTree = "<group>"; };
		4957BB691A3DF84D00892C45 /* AFHTTPRequestOperationManager.h */ = {isa = PBXFileReference; fileEncoding = 4; lastKnownFileType = sourcecode.c.h; path = AFHTTPRequestOperationManager.h; sourceTree = "<group>"; };
		4957BB6A1A3DF84D00892C45 /* AFHTTPRequestOperationManager.m */ = {isa = PBXFileReference; fileEncoding = 4; lastKnownFileType = sourcecode.c.objc; path = AFHTTPRequestOperationManager.m; sourceTree = "<group>"; };
		4957BB6B1A3DF84D00892C45 /* AFHTTPSessionManager.h */ = {isa = PBXFileReference; fileEncoding = 4; lastKnownFileType = sourcecode.c.h; path = AFHTTPSessionManager.h; sourceTree = "<group>"; };
		4957BB6C1A3DF84D00892C45 /* AFHTTPSessionManager.m */ = {isa = PBXFileReference; fileEncoding = 4; lastKnownFileType = sourcecode.c.objc; path = AFHTTPSessionManager.m; sourceTree = "<group>"; };
		4957BB6D1A3DF84D00892C45 /* AFNetworking.h */ = {isa = PBXFileReference; fileEncoding = 4; lastKnownFileType = sourcecode.c.h; path = AFNetworking.h; sourceTree = "<group>"; };
		4957BB6E1A3DF84D00892C45 /* AFNetworkReachabilityManager.h */ = {isa = PBXFileReference; fileEncoding = 4; lastKnownFileType = sourcecode.c.h; path = AFNetworkReachabilityManager.h; sourceTree = "<group>"; };
		4957BB6F1A3DF84D00892C45 /* AFNetworkReachabilityManager.m */ = {isa = PBXFileReference; fileEncoding = 4; lastKnownFileType = sourcecode.c.objc; path = AFNetworkReachabilityManager.m; sourceTree = "<group>"; };
		4957BB701A3DF84D00892C45 /* AFSecurityPolicy.h */ = {isa = PBXFileReference; fileEncoding = 4; lastKnownFileType = sourcecode.c.h; path = AFSecurityPolicy.h; sourceTree = "<group>"; };
		4957BB711A3DF84D00892C45 /* AFSecurityPolicy.m */ = {isa = PBXFileReference; fileEncoding = 4; lastKnownFileType = sourcecode.c.objc; path = AFSecurityPolicy.m; sourceTree = "<group>"; };
		4957BB721A3DF84D00892C45 /* AFURLConnectionOperation.h */ = {isa = PBXFileReference; fileEncoding = 4; lastKnownFileType = sourcecode.c.h; path = AFURLConnectionOperation.h; sourceTree = "<group>"; };
		4957BB731A3DF84D00892C45 /* AFURLConnectionOperation.m */ = {isa = PBXFileReference; fileEncoding = 4; lastKnownFileType = sourcecode.c.objc; path = AFURLConnectionOperation.m; sourceTree = "<group>"; };
		4957BB741A3DF84D00892C45 /* AFURLRequestSerialization.h */ = {isa = PBXFileReference; fileEncoding = 4; lastKnownFileType = sourcecode.c.h; path = AFURLRequestSerialization.h; sourceTree = "<group>"; };
		4957BB751A3DF84D00892C45 /* AFURLRequestSerialization.m */ = {isa = PBXFileReference; fileEncoding = 4; lastKnownFileType = sourcecode.c.objc; path = AFURLRequestSerialization.m; sourceTree = "<group>"; };
		4957BB761A3DF84D00892C45 /* AFURLResponseSerialization.h */ = {isa = PBXFileReference; fileEncoding = 4; lastKnownFileType = sourcecode.c.h; path = AFURLResponseSerialization.h; sourceTree = "<group>"; };
		4957BB771A3DF84D00892C45 /* AFURLResponseSerialization.m */ = {isa = PBXFileReference; fileEncoding = 4; lastKnownFileType = sourcecode.c.objc; path = AFURLResponseSerialization.m; sourceTree = "<group>"; };
		4957BB781A3DF84D00892C45 /* AFURLSessionManager.h */ = {isa = PBXFileReference; fileEncoding = 4; lastKnownFileType = sourcecode.c.h; path = AFURLSessionManager.h; sourceTree = "<group>"; };
		4957BB791A3DF84D00892C45 /* AFURLSessionManager.m */ = {isa = PBXFileReference; fileEncoding = 4; lastKnownFileType = sourcecode.c.objc; path = AFURLSessionManager.m; sourceTree = "<group>"; };
		4957BB7B1A3DF84D00892C45 /* AFNetworkActivityIndicatorManager.h */ = {isa = PBXFileReference; fileEncoding = 4; lastKnownFileType = sourcecode.c.h; path = AFNetworkActivityIndicatorManager.h; sourceTree = "<group>"; };
		4957BB7C1A3DF84D00892C45 /* AFNetworkActivityIndicatorManager.m */ = {isa = PBXFileReference; fileEncoding = 4; lastKnownFileType = sourcecode.c.objc; path = AFNetworkActivityIndicatorManager.m; sourceTree = "<group>"; };
		4957BB7D1A3DF84D00892C45 /* UIActivityIndicatorView+AFNetworking.h */ = {isa = PBXFileReference; fileEncoding = 4; lastKnownFileType = sourcecode.c.h; path = "UIActivityIndicatorView+AFNetworking.h"; sourceTree = "<group>"; };
		4957BB7E1A3DF84D00892C45 /* UIActivityIndicatorView+AFNetworking.m */ = {isa = PBXFileReference; fileEncoding = 4; lastKnownFileType = sourcecode.c.objc; path = "UIActivityIndicatorView+AFNetworking.m"; sourceTree = "<group>"; };
		4957BB7F1A3DF84D00892C45 /* UIAlertView+AFNetworking.h */ = {isa = PBXFileReference; fileEncoding = 4; lastKnownFileType = sourcecode.c.h; path = "UIAlertView+AFNetworking.h"; sourceTree = "<group>"; };
		4957BB801A3DF84E00892C45 /* UIAlertView+AFNetworking.m */ = {isa = PBXFileReference; fileEncoding = 4; lastKnownFileType = sourcecode.c.objc; path = "UIAlertView+AFNetworking.m"; sourceTree = "<group>"; };
		4957BB811A3DF84E00892C45 /* UIButton+AFNetworking.h */ = {isa = PBXFileReference; fileEncoding = 4; lastKnownFileType = sourcecode.c.h; path = "UIButton+AFNetworking.h"; sourceTree = "<group>"; };
		4957BB821A3DF84E00892C45 /* UIButton+AFNetworking.m */ = {isa = PBXFileReference; fileEncoding = 4; lastKnownFileType = sourcecode.c.objc; path = "UIButton+AFNetworking.m"; sourceTree = "<group>"; };
		4957BB831A3DF84E00892C45 /* UIImageView+AFNetworking.h */ = {isa = PBXFileReference; fileEncoding = 4; lastKnownFileType = sourcecode.c.h; path = "UIImageView+AFNetworking.h"; sourceTree = "<group>"; };
		4957BB841A3DF84E00892C45 /* UIImageView+AFNetworking.m */ = {isa = PBXFileReference; fileEncoding = 4; lastKnownFileType = sourcecode.c.objc; path = "UIImageView+AFNetworking.m"; sourceTree = "<group>"; };
		4957BB851A3DF84E00892C45 /* UIKit+AFNetworking.h */ = {isa = PBXFileReference; fileEncoding = 4; lastKnownFileType = sourcecode.c.h; path = "UIKit+AFNetworking.h"; sourceTree = "<group>"; };
		4957BB861A3DF84E00892C45 /* UIProgressView+AFNetworking.h */ = {isa = PBXFileReference; fileEncoding = 4; lastKnownFileType = sourcecode.c.h; path = "UIProgressView+AFNetworking.h"; sourceTree = "<group>"; };
		4957BB871A3DF84E00892C45 /* UIProgressView+AFNetworking.m */ = {isa = PBXFileReference; fileEncoding = 4; lastKnownFileType = sourcecode.c.objc; path = "UIProgressView+AFNetworking.m"; sourceTree = "<group>"; };
		4957BB881A3DF84E00892C45 /* UIRefreshControl+AFNetworking.h */ = {isa = PBXFileReference; fileEncoding = 4; lastKnownFileType = sourcecode.c.h; path = "UIRefreshControl+AFNetworking.h"; sourceTree = "<group>"; };
		4957BB891A3DF84E00892C45 /* UIRefreshControl+AFNetworking.m */ = {isa = PBXFileReference; fileEncoding = 4; lastKnownFileType = sourcecode.c.objc; path = "UIRefreshControl+AFNetworking.m"; sourceTree = "<group>"; };
		4957BB8A1A3DF84E00892C45 /* UIWebView+AFNetworking.h */ = {isa = PBXFileReference; fileEncoding = 4; lastKnownFileType = sourcecode.c.h; path = "UIWebView+AFNetworking.h"; sourceTree = "<group>"; };
		4957BB8B1A3DF84E00892C45 /* UIWebView+AFNetworking.m */ = {isa = PBXFileReference; fileEncoding = 4; lastKnownFileType = sourcecode.c.objc; path = "UIWebView+AFNetworking.m"; sourceTree = "<group>"; };
		4957BB9D1A3DFBB200892C45 /* NSDictionary+meal.h */ = {isa = PBXFileReference; fileEncoding = 4; lastKnownFileType = sourcecode.c.h; path = "NSDictionary+meal.h"; sourceTree = "<group>"; };
		4957BB9E1A3DFBB200892C45 /* NSDictionary+meal.m */ = {isa = PBXFileReference; fileEncoding = 4; lastKnownFileType = sourcecode.c.objc; path = "NSDictionary+meal.m"; sourceTree = "<group>"; };
		4957BBA01A3EBE7100892C45 /* MHSTagDraw.h */ = {isa = PBXFileReference; fileEncoding = 4; lastKnownFileType = sourcecode.c.h; path = MHSTagDraw.h; sourceTree = "<group>"; };
		4957BBA11A3EBE7100892C45 /* MHSTagDraw.m */ = {isa = PBXFileReference; fileEncoding = 4; lastKnownFileType = sourcecode.c.objc; path = MHSTagDraw.m; sourceTree = "<group>"; };
		4975EB3B1A2BA5DA00F54354 /* FOODit.app */ = {isa = PBXFileReference; explicitFileType = wrapper.application; includeInIndex = 0; path = FOODit.app; sourceTree = BUILT_PRODUCTS_DIR; };
		4975EB3F1A2BA5DA00F54354 /* Info.plist */ = {isa = PBXFileReference; lastKnownFileType = text.plist.xml; path = Info.plist; sourceTree = "<group>"; };
		4975EB401A2BA5DA00F54354 /* main.m */ = {isa = PBXFileReference; lastKnownFileType = sourcecode.c.objc; path = main.m; sourceTree = "<group>"; };
		4975EB421A2BA5DA00F54354 /* AppDelegate.h */ = {isa = PBXFileReference; lastKnownFileType = sourcecode.c.h; path = AppDelegate.h; sourceTree = "<group>"; };
		4975EB431A2BA5DA00F54354 /* AppDelegate.m */ = {isa = PBXFileReference; lastKnownFileType = sourcecode.c.objc; path = AppDelegate.m; sourceTree = "<group>"; };
		4975EB4C1A2BA5DB00F54354 /* Base */ = {isa = PBXFileReference; lastKnownFileType = file.storyboard; name = Base; path = Base.lproj/Main.storyboard; sourceTree = "<group>"; };
		4975EB4E1A2BA5DB00F54354 /* Images.xcassets */ = {isa = PBXFileReference; lastKnownFileType = folder.assetcatalog; path = Images.xcassets; sourceTree = "<group>"; };
		4975EB571A2BA5DB00F54354 /* FOODitTests.xctest */ = {isa = PBXFileReference; explicitFileType = wrapper.cfbundle; includeInIndex = 0; path = FOODitTests.xctest; sourceTree = BUILT_PRODUCTS_DIR; };
		4975EB5C1A2BA5DB00F54354 /* Info.plist */ = {isa = PBXFileReference; lastKnownFileType = text.plist.xml; path = Info.plist; sourceTree = "<group>"; };
		4975EB5D1A2BA5DB00F54354 /* FOODitTests.m */ = {isa = PBXFileReference; lastKnownFileType = sourcecode.c.objc; path = FOODitTests.m; sourceTree = "<group>"; };
		497BDBC91A59B0F8003E9586 /* MHSorderStatusBarViewController.h */ = {isa = PBXFileReference; fileEncoding = 4; lastKnownFileType = sourcecode.c.h; path = MHSorderStatusBarViewController.h; sourceTree = "<group>"; };
		497BDBCA1A59B0F8003E9586 /* MHSorderStatusBarViewController.m */ = {isa = PBXFileReference; fileEncoding = 4; lastKnownFileType = sourcecode.c.objc; path = MHSorderStatusBarViewController.m; sourceTree = "<group>"; };
		497BDBCC1A5AFE62003E9586 /* MHSMealViewController.h */ = {isa = PBXFileReference; fileEncoding = 4; lastKnownFileType = sourcecode.c.h; path = MHSMealViewController.h; sourceTree = "<group>"; };
		497BDBCD1A5AFE62003E9586 /* MHSMealViewController.m */ = {isa = PBXFileReference; fileEncoding = 4; lastKnownFileType = sourcecode.c.objc; path = MHSMealViewController.m; sourceTree = "<group>"; };
		49BDA8E31A3B03E800022C18 /* unnamed2.jpg */ = {isa = PBXFileReference; lastKnownFileType = image.jpeg; path = unnamed2.jpg; sourceTree = "<group>"; };
		49BDA8E81A3B266800022C18 /* MHSOrderViewController.h */ = {isa = PBXFileReference; fileEncoding = 4; lastKnownFileType = sourcecode.c.h; path = MHSOrderViewController.h; sourceTree = "<group>"; };
		49BDA8E91A3B266800022C18 /* MHSOrderViewController.m */ = {isa = PBXFileReference; fileEncoding = 4; lastKnownFileType = sourcecode.c.objc; path = MHSOrderViewController.m; sourceTree = "<group>"; };
		49BDA8EB1A3B648900022C18 /* MHSMyUITableView.h */ = {isa = PBXFileReference; fileEncoding = 4; lastKnownFileType = sourcecode.c.h; path = MHSMyUITableView.h; sourceTree = "<group>"; };
		49BDA8EC1A3B648900022C18 /* MHSMyUITableView.m */ = {isa = PBXFileReference; fileEncoding = 4; lastKnownFileType = sourcecode.c.objc; path = MHSMyUITableView.m; sourceTree = "<group>"; };
		49BDA8EE1A3C667600022C18 /* MHSCoreDataViewController.h */ = {isa = PBXFileReference; fileEncoding = 4; lastKnownFileType = sourcecode.c.h; path = MHSCoreDataViewController.h; sourceTree = "<group>"; };
		49BDA8EF1A3C667600022C18 /* MHSCoreDataViewController.m */ = {isa = PBXFileReference; fileEncoding = 4; lastKnownFileType = sourcecode.c.objc; path = MHSCoreDataViewController.m; sourceTree = "<group>"; };
		49BDA8F11A3C9BC600022C18 /* MHSMealsTableViewController.m */ = {isa = PBXFileReference; fileEncoding = 4; lastKnownFileType = sourcecode.c.objc; path = MHSMealsTableViewController.m; sourceTree = "<group>"; };
		49BDA8F21A3C9BC600022C18 /* MHSMealsTableViewController.h */ = {isa = PBXFileReference; fileEncoding = 4; lastKnownFileType = sourcecode.c.h; path = MHSMealsTableViewController.h; sourceTree = "<group>"; };
		49BDA8F81A3CA0C800022C18 /* MHSMealCardCurve.h */ = {isa = PBXFileReference; fileEncoding = 4; lastKnownFileType = sourcecode.c.h; path = MHSMealCardCurve.h; sourceTree = "<group>"; };
		49BDA8F91A3CA0C800022C18 /* MHSMealCardCurve.m */ = {isa = PBXFileReference; fileEncoding = 4; lastKnownFileType = sourcecode.c.objc; path = MHSMealCardCurve.m; sourceTree = "<group>"; };
		49BDA8FB1A3CA15200022C18 /* FOODitStyleKit.h */ = {isa = PBXFileReference; fileEncoding = 4; lastKnownFileType = sourcecode.c.h; path = FOODitStyleKit.h; sourceTree = "<group>"; };
		49BDA8FC1A3CA15200022C18 /* FOODitStyleKit.m */ = {isa = PBXFileReference; fileEncoding = 4; lastKnownFileType = sourcecode.c.objc; path = FOODitStyleKit.m; sourceTree = "<group>"; };
		49C832881A33596D00A73B0F /* expand-button.svg */ = {isa = PBXFileReference; fileEncoding = 4; lastKnownFileType = text.xml; path = "expand-button.svg"; sourceTree = "<group>"; };
		49C832891A33596D00A73B0F /* meal-card__curve.svg */ = {isa = PBXFileReference; fileEncoding = 4; lastKnownFileType = text.xml; path = "meal-card__curve.svg"; sourceTree = "<group>"; };
		49C8328A1A33596D00A73B0F /* tag--charcoal.svg */ = {isa = PBXFileReference; fileEncoding = 4; lastKnownFileType = text.xml; path = "tag--charcoal.svg"; sourceTree = "<group>"; };
		49C8328B1A33596D00A73B0F /* tag--cheese.svg */ = {isa = PBXFileReference; fileEncoding = 4; lastKnownFileType = text.xml; path = "tag--cheese.svg"; sourceTree = "<group>"; };
		49C8328C1A33596D00A73B0F /* tag--chicken.svg */ = {isa = PBXFileReference; fileEncoding = 4; lastKnownFileType = text.xml; path = "tag--chicken.svg"; sourceTree = "<group>"; };
		49C8328D1A33596D00A73B0F /* tag--grilled.svg */ = {isa = PBXFileReference; fileEncoding = 4; lastKnownFileType = text.xml; path = "tag--grilled.svg"; sourceTree = "<group>"; };
		49C8328E1A33596D00A73B0F /* tag--high-protein.svg */ = {isa = PBXFileReference; fileEncoding = 4; lastKnownFileType = text.xml; path = "tag--high-protein.svg"; sourceTree = "<group>"; };
		49C8328F1A33596D00A73B0F /* tag--lamb.svg */ = {isa = PBXFileReference; fileEncoding = 4; lastKnownFileType = text.xml; path = "tag--lamb.svg"; sourceTree = "<group>"; };
		49C832901A33596D00A73B0F /* tag--pasta.svg */ = {isa = PBXFileReference; fileEncoding = 4; lastKnownFileType = text.xml; path = "tag--pasta.svg"; sourceTree = "<group>"; };
		49C832911A33596D00A73B0F /* tag--peanut.svg */ = {isa = PBXFileReference; fileEncoding = 4; lastKnownFileType = text.xml; path = "tag--peanut.svg"; sourceTree = "<group>"; };
		49C832921A33596D00A73B0F /* tag--pork.svg */ = {isa = PBXFileReference; fileEncoding = 4; lastKnownFileType = text.xml; path = "tag--pork.svg"; sourceTree = "<group>"; };
		49C832931A33596D00A73B0F /* tag--seafood.svg */ = {isa = PBXFileReference; fileEncoding = 4; lastKnownFileType = text.xml; path = "tag--seafood.svg"; sourceTree = "<group>"; };
		49C832941A33596D00A73B0F /* tag--snack.svg */ = {isa = PBXFileReference; fileEncoding = 4; lastKnownFileType = text.xml; path = "tag--snack.svg"; sourceTree = "<group>"; };
		49C832951A33596D00A73B0F /* tag--spicy.svg */ = {isa = PBXFileReference; fileEncoding = 4; lastKnownFileType = text.xml; path = "tag--spicy.svg"; sourceTree = "<group>"; };
		49C832961A33596D00A73B0F /* tag--starter.svg */ = {isa = PBXFileReference; fileEncoding = 4; lastKnownFileType = text.xml; path = "tag--starter.svg"; sourceTree = "<group>"; };
		49C832971A33596D00A73B0F /* tag--sweet.svg */ = {isa = PBXFileReference; fileEncoding = 4; lastKnownFileType = text.xml; path = "tag--sweet.svg"; sourceTree = "<group>"; };
		49C832981A33596D00A73B0F /* tag--vegetarian.svg */ = {isa = PBXFileReference; fileEncoding = 4; lastKnownFileType = text.xml; path = "tag--vegetarian.svg"; sourceTree = "<group>"; };
		49C832AA1A335B5200A73B0F /* _MHSMeal.h */ = {isa = PBXFileReference; fileEncoding = 4; lastKnownFileType = sourcecode.c.h; path = _MHSMeal.h; sourceTree = "<group>"; };
		49C832AB1A335B5200A73B0F /* _MHSMeal.m */ = {isa = PBXFileReference; fileEncoding = 4; lastKnownFileType = sourcecode.c.objc; path = _MHSMeal.m; sourceTree = "<group>"; };
		49C832AC1A335B5200A73B0F /* _MHSMealOrder.h */ = {isa = PBXFileReference; fileEncoding = 4; lastKnownFileType = sourcecode.c.h; path = _MHSMealOrder.h; sourceTree = "<group>"; };
		49C832AD1A335B5200A73B0F /* _MHSMealOrder.m */ = {isa = PBXFileReference; fileEncoding = 4; lastKnownFileType = sourcecode.c.objc; path = _MHSMealOrder.m; sourceTree = "<group>"; };
		49C832AE1A335B5200A73B0F /* _MHSOrder.h */ = {isa = PBXFileReference; fileEncoding = 4; lastKnownFileType = sourcecode.c.h; path = _MHSOrder.h; sourceTree = "<group>"; };
		49C832AF1A335B5200A73B0F /* _MHSOrder.m */ = {isa = PBXFileReference; fileEncoding = 4; lastKnownFileType = sourcecode.c.objc; path = _MHSOrder.m; sourceTree = "<group>"; };
		49C832B01A335B5200A73B0F /* _MHSTag.h */ = {isa = PBXFileReference; fileEncoding = 4; lastKnownFileType = sourcecode.c.h; path = _MHSTag.h; sourceTree = "<group>"; };
		49C832B11A335B5200A73B0F /* _MHSTag.m */ = {isa = PBXFileReference; fileEncoding = 4; lastKnownFileType = sourcecode.c.objc; path = _MHSTag.m; sourceTree = "<group>"; };
		49C832B61A335B5B00A73B0F /* MHSMeal.h */ = {isa = PBXFileReference; fileEncoding = 4; lastKnownFileType = sourcecode.c.h; path = MHSMeal.h; sourceTree = "<group>"; };
		49C832B71A335B5B00A73B0F /* MHSMeal.m */ = {isa = PBXFileReference; fileEncoding = 4; lastKnownFileType = sourcecode.c.objc; path = MHSMeal.m; sourceTree = "<group>"; };
		49C832B81A335B5B00A73B0F /* MHSMealOrder.h */ = {isa = PBXFileReference; fileEncoding = 4; lastKnownFileType = sourcecode.c.h; path = MHSMealOrder.h; sourceTree = "<group>"; };
		49C832B91A335B5B00A73B0F /* MHSMealOrder.m */ = {isa = PBXFileReference; fileEncoding = 4; lastKnownFileType = sourcecode.c.objc; path = MHSMealOrder.m; sourceTree = "<group>"; };
		49C832BA1A335B5B00A73B0F /* MHSOrder.h */ = {isa = PBXFileReference; fileEncoding = 4; lastKnownFileType = sourcecode.c.h; path = MHSOrder.h; sourceTree = "<group>"; };
		49C832BB1A335B5B00A73B0F /* MHSOrder.m */ = {isa = PBXFileReference; fileEncoding = 4; lastKnownFileType = sourcecode.c.objc; path = MHSOrder.m; sourceTree = "<group>"; };
		49C832BC1A335B5B00A73B0F /* MHSTag.h */ = {isa = PBXFileReference; fileEncoding = 4; lastKnownFileType = sourcecode.c.h; path = MHSTag.h; sourceTree = "<group>"; };
		49C832BD1A335B5B00A73B0F /* MHSTag.m */ = {isa = PBXFileReference; fileEncoding = 4; lastKnownFileType = sourcecode.c.objc; path = MHSTag.m; sourceTree = "<group>"; };
		49C832C51A33613C00A73B0F /* CFNetwork.framework */ = {isa = PBXFileReference; lastKnownFileType = wrapper.framework; name = CFNetwork.framework; path = System/Library/Frameworks/CFNetwork.framework; sourceTree = SDKROOT; };
		49C832C71A33614500A73B0F /* MobileCoreServices.framework */ = {isa = PBXFileReference; lastKnownFileType = wrapper.framework; name = MobileCoreServices.framework; path = System/Library/Frameworks/MobileCoreServices.framework; sourceTree = SDKROOT; };
		49C832C91A33614F00A73B0F /* Security.framework */ = {isa = PBXFileReference; lastKnownFileType = wrapper.framework; name = Security.framework; path = System/Library/Frameworks/Security.framework; sourceTree = SDKROOT; };
		49C832CB1A33615700A73B0F /* SystemConfiguration.framework */ = {isa = PBXFileReference; lastKnownFileType = wrapper.framework; name = SystemConfiguration.framework; path = System/Library/Frameworks/SystemConfiguration.framework; sourceTree = SDKROOT; };
		49C832CE1A33622200A73B0F /* FOODit_Pefix.pch */ = {isa = PBXFileReference; lastKnownFileType = sourcecode.c.h; path = FOODit_Pefix.pch; sourceTree = "<group>"; };
		49C832FC1A3364A000A73B0F /* menu.json */ = {isa = PBXFileReference; fileEncoding = 4; lastKnownFileType = text.json; path = menu.json; sourceTree = "<group>"; };
		49E9FD051A375BFE00F9BF50 /* MHSSimpleCoreDataStack.h */ = {isa = PBXFileReference; fileEncoding = 4; lastKnownFileType = sourcecode.c.h; path = MHSSimpleCoreDataStack.h; sourceTree = "<group>"; };
		49E9FD061A375BFE00F9BF50 /* MHSSimpleCoreDataStack.m */ = {isa = PBXFileReference; fileEncoding = 4; lastKnownFileType = sourcecode.c.objc; path = MHSSimpleCoreDataStack.m; sourceTree = "<group>"; };
		49E9FD081A375FDD00F9BF50 /* settings.h */ = {isa = PBXFileReference; lastKnownFileType = sourcecode.c.h; path = settings.h; sourceTree = "<group>"; };
		49E9FD091A37628100F9BF50 /* MHSCoreDataTableViewController.h */ = {isa = PBXFileReference; fileEncoding = 4; lastKnownFileType = sourcecode.c.h; path = MHSCoreDataTableViewController.h; sourceTree = "<group>"; };
		49E9FD0A1A37628100F9BF50 /* MHSCoreDataTableViewController.m */ = {isa = PBXFileReference; fileEncoding = 4; lastKnownFileType = sourcecode.c.objc; path = MHSCoreDataTableViewController.m; sourceTree = "<group>"; };
		49E9FD171A37AB8200F9BF50 /* Model.xcdatamodel */ = {isa = PBXFileReference; lastKnownFileType = wrapper.xcdatamodel; path = Model.xcdatamodel; sourceTree = "<group>"; };
		97DE9E47BA9A3DACF0401D9B /* libPods.a */ = {isa = PBXFileReference; explicitFileType = archive.ar; includeInIndex = 0; path = libPods.a; sourceTree = BUILT_PRODUCTS_DIR; };
		9C3DC696EEC10EF50E1D2990 /* Pods.release.xcconfig */ = {isa = PBXFileReference; includeInIndex = 1; lastKnownFileType = text.xcconfig; name = Pods.release.xcconfig; path = "Pods/Target Support Files/Pods/Pods.release.xcconfig"; sourceTree = "<group>"; };
/* End PBXFileReference section */

/* Begin PBXFrameworksBuildPhase section */
		4975EB381A2BA5DA00F54354 /* Frameworks */ = {
			isa = PBXFrameworksBuildPhase;
			buildActionMask = 2147483647;
			files = (
				49C832CC1A33615700A73B0F /* SystemConfiguration.framework in Frameworks */,
				49C832CA1A33614F00A73B0F /* Security.framework in Frameworks */,
				49C832C81A33614500A73B0F /* MobileCoreServices.framework in Frameworks */,
				49C832C61A33613C00A73B0F /* CFNetwork.framework in Frameworks */,
				F4AEE09B236B73456C6FF9D1 /* libPods.a in Frameworks */,
			);
			runOnlyForDeploymentPostprocessing = 0;
		};
		4975EB541A2BA5DB00F54354 /* Frameworks */ = {
			isa = PBXFrameworksBuildPhase;
			buildActionMask = 2147483647;
			files = (
			);
			runOnlyForDeploymentPostprocessing = 0;
		};
/* End PBXFrameworksBuildPhase section */

/* Begin PBXGroup section */
		4957BB661A3DF84D00892C45 /* AFNetworking */ = {
			isa = PBXGroup;
			children = (
				4957BB671A3DF84D00892C45 /* AFHTTPRequestOperation.h */,
				4957BB681A3DF84D00892C45 /* AFHTTPRequestOperation.m */,
				4957BB691A3DF84D00892C45 /* AFHTTPRequestOperationManager.h */,
				4957BB6A1A3DF84D00892C45 /* AFHTTPRequestOperationManager.m */,
				4957BB6B1A3DF84D00892C45 /* AFHTTPSessionManager.h */,
				4957BB6C1A3DF84D00892C45 /* AFHTTPSessionManager.m */,
				4957BB6D1A3DF84D00892C45 /* AFNetworking.h */,
				4957BB6E1A3DF84D00892C45 /* AFNetworkReachabilityManager.h */,
				4957BB6F1A3DF84D00892C45 /* AFNetworkReachabilityManager.m */,
				4957BB701A3DF84D00892C45 /* AFSecurityPolicy.h */,
				4957BB711A3DF84D00892C45 /* AFSecurityPolicy.m */,
				4957BB721A3DF84D00892C45 /* AFURLConnectionOperation.h */,
				4957BB731A3DF84D00892C45 /* AFURLConnectionOperation.m */,
				4957BB741A3DF84D00892C45 /* AFURLRequestSerialization.h */,
				4957BB751A3DF84D00892C45 /* AFURLRequestSerialization.m */,
				4957BB761A3DF84D00892C45 /* AFURLResponseSerialization.h */,
				4957BB771A3DF84D00892C45 /* AFURLResponseSerialization.m */,
				4957BB781A3DF84D00892C45 /* AFURLSessionManager.h */,
				4957BB791A3DF84D00892C45 /* AFURLSessionManager.m */,
			);
			path = AFNetworking;
			sourceTree = "<group>";
		};
		4957BB7A1A3DF84D00892C45 /* UIKit+AFNetworking */ = {
			isa = PBXGroup;
			children = (
				4957BB7B1A3DF84D00892C45 /* AFNetworkActivityIndicatorManager.h */,
				4957BB7C1A3DF84D00892C45 /* AFNetworkActivityIndicatorManager.m */,
				4957BB7D1A3DF84D00892C45 /* UIActivityIndicatorView+AFNetworking.h */,
				4957BB7E1A3DF84D00892C45 /* UIActivityIndicatorView+AFNetworking.m */,
				4957BB7F1A3DF84D00892C45 /* UIAlertView+AFNetworking.h */,
				4957BB801A3DF84E00892C45 /* UIAlertView+AFNetworking.m */,
				4957BB811A3DF84E00892C45 /* UIButton+AFNetworking.h */,
				4957BB821A3DF84E00892C45 /* UIButton+AFNetworking.m */,
				4957BB831A3DF84E00892C45 /* UIImageView+AFNetworking.h */,
				4957BB841A3DF84E00892C45 /* UIImageView+AFNetworking.m */,
				4957BB851A3DF84E00892C45 /* UIKit+AFNetworking.h */,
				4957BB861A3DF84E00892C45 /* UIProgressView+AFNetworking.h */,
				4957BB871A3DF84E00892C45 /* UIProgressView+AFNetworking.m */,
				4957BB881A3DF84E00892C45 /* UIRefreshControl+AFNetworking.h */,
				4957BB891A3DF84E00892C45 /* UIRefreshControl+AFNetworking.m */,
				4957BB8A1A3DF84E00892C45 /* UIWebView+AFNetworking.h */,
				4957BB8B1A3DF84E00892C45 /* UIWebView+AFNetworking.m */,
			);
			path = "UIKit+AFNetworking";
			sourceTree = "<group>";
		};
		4975EB321A2BA5DA00F54354 = {
			isa = PBXGroup;
			children = (
				4975EB3D1A2BA5DA00F54354 /* FOODit */,
				4975EB5A1A2BA5DB00F54354 /* FOODitTests */,
				4975EB3C1A2BA5DA00F54354 /* Products */,
				C54B12F1A1C33C9ED3D1CE1E /* Pods */,
				B574A926D4A3A77249B44122 /* Frameworks */,
			);
			sourceTree = "<group>";
		};
		4975EB3C1A2BA5DA00F54354 /* Products */ = {
			isa = PBXGroup;
			children = (
				4975EB3B1A2BA5DA00F54354 /* FOODit.app */,
				4975EB571A2BA5DB00F54354 /* FOODitTests.xctest */,
			);
			name = Products;
			sourceTree = "<group>";
		};
		4975EB3D1A2BA5DA00F54354 /* FOODit */ = {
			isa = PBXGroup;
			children = (
				4957BB661A3DF84D00892C45 /* AFNetworking */,
				4957BB7A1A3DF84D00892C45 /* UIKit+AFNetworking */,
				49BDA8F41A3C9BDB00022C18 /* UI StyleKit */,
				4975EB421A2BA5DA00F54354 /* AppDelegate.h */,
				4975EB431A2BA5DA00F54354 /* AppDelegate.m */,
				4957BB9D1A3DFBB200892C45 /* NSDictionary+meal.h */,
				4957BB9E1A3DFBB200892C45 /* NSDictionary+meal.m */,
				49C8325A1A333E0200A73B0F /* Core Data */,
				49E9FD0C1A3762FC00F9BF50 /* Controllers */,
				49C832CD1A33619100A73B0F /* Frameworks */,
				49C832841A33590B00A73B0F /* Resources */,
				4975EB4B1A2BA5DB00F54354 /* Main.storyboard */,
				49BDA8EB1A3B648900022C18 /* MHSMyUITableView.h */,
				49BDA8EC1A3B648900022C18 /* MHSMyUITableView.m */,
				4975EB4E1A2BA5DB00F54354 /* Images.xcassets */,
				49E9FD161A37AB8200F9BF50 /* Model.xcdatamodeld */,
				4975EB3E1A2BA5DA00F54354 /* Supporting Files */,
			);
			path = FOODit;
			sourceTree = "<group>";
		};
		4975EB3E1A2BA5DA00F54354 /* Supporting Files */ = {
			isa = PBXGroup;
			children = (
				4975EB3F1A2BA5DA00F54354 /* Info.plist */,
				4975EB401A2BA5DA00F54354 /* main.m */,
				49E9FD081A375FDD00F9BF50 /* settings.h */,
				49C832CE1A33622200A73B0F /* FOODit_Pefix.pch */,
			);
			name = "Supporting Files";
			sourceTree = "<group>";
		};
		4975EB5A1A2BA5DB00F54354 /* FOODitTests */ = {
			isa = PBXGroup;
			children = (
				4975EB5D1A2BA5DB00F54354 /* FOODitTests.m */,
				4975EB5B1A2BA5DB00F54354 /* Supporting Files */,
			);
			path = FOODitTests;
			sourceTree = "<group>";
		};
		4975EB5B1A2BA5DB00F54354 /* Supporting Files */ = {
			isa = PBXGroup;
			children = (
				4975EB5C1A2BA5DB00F54354 /* Info.plist */,
			);
			name = "Supporting Files";
			sourceTree = "<group>";
		};
		49BDA8F41A3C9BDB00022C18 /* UI StyleKit */ = {
			isa = PBXGroup;
			children = (
				49BDA8FB1A3CA15200022C18 /* FOODitStyleKit.h */,
				49BDA8FC1A3CA15200022C18 /* FOODitStyleKit.m */,
				4957BBA01A3EBE7100892C45 /* MHSTagDraw.h */,
				4957BBA11A3EBE7100892C45 /* MHSTagDraw.m */,
				49BDA8F81A3CA0C800022C18 /* MHSMealCardCurve.h */,
				49BDA8F91A3CA0C800022C18 /* MHSMealCardCurve.m */,
			);
			name = "UI StyleKit";
			sourceTree = "<group>";
		};
		49C8325A1A333E0200A73B0F /* Core Data */ = {
			isa = PBXGroup;
			children = (
				49E9FD051A375BFE00F9BF50 /* MHSSimpleCoreDataStack.h */,
				49E9FD061A375BFE00F9BF50 /* MHSSimpleCoreDataStack.m */,
				49C832B61A335B5B00A73B0F /* MHSMeal.h */,
				49C832B71A335B5B00A73B0F /* MHSMeal.m */,
				49C832B81A335B5B00A73B0F /* MHSMealOrder.h */,
				49C832B91A335B5B00A73B0F /* MHSMealOrder.m */,
				49C832BA1A335B5B00A73B0F /* MHSOrder.h */,
				49C832BB1A335B5B00A73B0F /* MHSOrder.m */,
				49C832BC1A335B5B00A73B0F /* MHSTag.h */,
				49C832BD1A335B5B00A73B0F /* MHSTag.m */,
				49307A1D1A3A3F12005B0937 /* MHSPhoto.h */,
				49307A1E1A3A3F12005B0937 /* MHSPhoto.m */,
				49C832671A333E3400A73B0F /* Machine */,
			);
			name = "Core Data";
			sourceTree = "<group>";
		};
		49C832671A333E3400A73B0F /* Machine */ = {
			isa = PBXGroup;
			children = (
				49C832AA1A335B5200A73B0F /* _MHSMeal.h */,
				49C832AB1A335B5200A73B0F /* _MHSMeal.m */,
				49C832AC1A335B5200A73B0F /* _MHSMealOrder.h */,
				49C832AD1A335B5200A73B0F /* _MHSMealOrder.m */,
				49C832AE1A335B5200A73B0F /* _MHSOrder.h */,
				49C832AF1A335B5200A73B0F /* _MHSOrder.m */,
				49C832B01A335B5200A73B0F /* _MHSTag.h */,
				49C832B11A335B5200A73B0F /* _MHSTag.m */,
				49307A1B1A3A3F12005B0937 /* _MHSPhoto.h */,
				49307A1C1A3A3F12005B0937 /* _MHSPhoto.m */,
			);
			name = Machine;
			sourceTree = "<group>";
		};
		49C832841A33590B00A73B0F /* Resources */ = {
			isa = PBXGroup;
			children = (
				4921A5711A581A340029E146 /* uk-only.svg */,
				49C832FC1A3364A000A73B0F /* menu.json */,
				49C832871A33596D00A73B0F /* assets */,
			);
			name = Resources;
			sourceTree = "<group>";
		};
		49C832871A33596D00A73B0F /* assets */ = {
			isa = PBXGroup;
			children = (
				492A904D1A44933000E0AE9F /* placeholder.jpg */,
				494F0ECB1A3A20D1007D8960 /* unnamed.jpg */,
				49BDA8E31A3B03E800022C18 /* unnamed2.jpg */,
				49C832881A33596D00A73B0F /* expand-button.svg */,
				49C832891A33596D00A73B0F /* meal-card__curve.svg */,
				49C8328A1A33596D00A73B0F /* tag--charcoal.svg */,
				49C8328B1A33596D00A73B0F /* tag--cheese.svg */,
				49C8328C1A33596D00A73B0F /* tag--chicken.svg */,
				49C8328D1A33596D00A73B0F /* tag--grilled.svg */,
				49C8328E1A33596D00A73B0F /* tag--high-protein.svg */,
				49C8328F1A33596D00A73B0F /* tag--lamb.svg */,
				49C832901A33596D00A73B0F /* tag--pasta.svg */,
				49C832911A33596D00A73B0F /* tag--peanut.svg */,
				49C832921A33596D00A73B0F /* tag--pork.svg */,
				49C832931A33596D00A73B0F /* tag--seafood.svg */,
				49C832941A33596D00A73B0F /* tag--snack.svg */,
				49C832951A33596D00A73B0F /* tag--spicy.svg */,
				49C832961A33596D00A73B0F /* tag--starter.svg */,
				49C832971A33596D00A73B0F /* tag--sweet.svg */,
				49C832981A33596D00A73B0F /* tag--vegetarian.svg */,
			);
			path = assets;
			sourceTree = "<group>";
		};
		49C832CD1A33619100A73B0F /* Frameworks */ = {
			isa = PBXGroup;
			children = (
				49C832CB1A33615700A73B0F /* SystemConfiguration.framework */,
				49C832C91A33614F00A73B0F /* Security.framework */,
				49C832C71A33614500A73B0F /* MobileCoreServices.framework */,
				49C832C51A33613C00A73B0F /* CFNetwork.framework */,
			);
			name = Frameworks;
			path = ..;
			sourceTree = "<group>";
		};
		49E9FD0C1A3762FC00F9BF50 /* Controllers */ = {
			isa = PBXGroup;
			children = (
				49E9FD091A37628100F9BF50 /* MHSCoreDataTableViewController.h */,
				49E9FD0A1A37628100F9BF50 /* MHSCoreDataTableViewController.m */,
				49BDA8EE1A3C667600022C18 /* MHSCoreDataViewController.h */,
				49BDA8EF1A3C667600022C18 /* MHSCoreDataViewController.m */,
				497BDBCD1A5AFE62003E9586 /* MHSMealViewController.m */,
				497BDBCC1A5AFE62003E9586 /* MHSMealViewController.h */,
				49BDA8F11A3C9BC600022C18 /* MHSMealsTableViewController.m */,
				49BDA8F21A3C9BC600022C18 /* MHSMealsTableViewController.h */,
				49BDA8E81A3B266800022C18 /* MHSOrderViewController.h */,
				49BDA8E91A3B266800022C18 /* MHSOrderViewController.m */,
				497BDBC91A59B0F8003E9586 /* MHSorderStatusBarViewController.h */,
				497BDBCA1A59B0F8003E9586 /* MHSorderStatusBarViewController.m */,
			);
			name = Controllers;
			sourceTree = "<group>";
		};
		B574A926D4A3A77249B44122 /* Frameworks */ = {
			isa = PBXGroup;
			children = (
				97DE9E47BA9A3DACF0401D9B /* libPods.a */,
			);
			name = Frameworks;
			sourceTree = "<group>";
		};
		C54B12F1A1C33C9ED3D1CE1E /* Pods */ = {
			isa = PBXGroup;
			children = (
				037C4FD536C4374F810E0EFE /* Pods.debug.xcconfig */,
				9C3DC696EEC10EF50E1D2990 /* Pods.release.xcconfig */,
			);
			name = Pods;
			sourceTree = "<group>";
		};
/* End PBXGroup section */

/* Begin PBXNativeTarget section */
		4975EB3A1A2BA5DA00F54354 /* FOODit */ = {
			isa = PBXNativeTarget;
			buildConfigurationList = 4975EB611A2BA5DB00F54354 /* Build configuration list for PBXNativeTarget "FOODit" */;
			buildPhases = (
				7B8C186274FDA7FB30D96E9D /* Check Pods Manifest.lock */,
				4975EB371A2BA5DA00F54354 /* Sources */,
				4975EB381A2BA5DA00F54354 /* Frameworks */,
				4975EB391A2BA5DA00F54354 /* Resources */,
				B3D590BECE8D587FABD0EFC5 /* Copy Pods Resources */,
			);
			buildRules = (
			);
			dependencies = (
			);
			name = FOODit;
			productName = FOODit;
			productReference = 4975EB3B1A2BA5DA00F54354 /* FOODit.app */;
			productType = "com.apple.product-type.application";
		};
		4975EB561A2BA5DB00F54354 /* FOODitTests */ = {
			isa = PBXNativeTarget;
			buildConfigurationList = 4975EB641A2BA5DB00F54354 /* Build configuration list for PBXNativeTarget "FOODitTests" */;
			buildPhases = (
				4975EB531A2BA5DB00F54354 /* Sources */,
				4975EB541A2BA5DB00F54354 /* Frameworks */,
				4975EB551A2BA5DB00F54354 /* Resources */,
			);
			buildRules = (
			);
			dependencies = (
				4975EB591A2BA5DB00F54354 /* PBXTargetDependency */,
			);
			name = FOODitTests;
			productName = FOODitTests;
			productReference = 4975EB571A2BA5DB00F54354 /* FOODitTests.xctest */;
			productType = "com.apple.product-type.bundle.unit-test";
		};
/* End PBXNativeTarget section */

/* Begin PBXProject section */
		4975EB331A2BA5DA00F54354 /* Project object */ = {
			isa = PBXProject;
			attributes = {
				LastUpgradeCheck = 0610;
				TargetAttributes = {
					4975EB3A1A2BA5DA00F54354 = {
						CreatedOnToolsVersion = 6.1;
					};
					4975EB561A2BA5DB00F54354 = {
						CreatedOnToolsVersion = 6.1;
						TestTargetID = 4975EB3A1A2BA5DA00F54354;
					};
				};
			};
			buildConfigurationList = 4975EB361A2BA5DA00F54354 /* Build configuration list for PBXProject "FOODit" */;
			compatibilityVersion = "Xcode 3.2";
			developmentRegion = English;
			hasScannedForEncodings = 0;
			knownRegions = (
				en,
				Base,
			);
			mainGroup = 4975EB321A2BA5DA00F54354;
			productRefGroup = 4975EB3C1A2BA5DA00F54354 /* Products */;
			projectDirPath = "";
			projectRoot = "";
			targets = (
				4975EB3A1A2BA5DA00F54354 /* FOODit */,
				4975EB561A2BA5DB00F54354 /* FOODitTests */,
			);
		};
/* End PBXProject section */

/* Begin PBXResourcesBuildPhase section */
		4975EB391A2BA5DA00F54354 /* Resources */ = {
			isa = PBXResourcesBuildPhase;
			buildActionMask = 2147483647;
			files = (
				49C8329F1A33596D00A73B0F /* tag--high-protein.svg in Resources */,
				49C8329C1A33596D00A73B0F /* tag--cheese.svg in Resources */,
				49C832A81A33596D00A73B0F /* tag--sweet.svg in Resources */,
				4921A5721A581A340029E146 /* uk-only.svg in Resources */,
				4975EB4D1A2BA5DB00F54354 /* Main.storyboard in Resources */,
				49C832991A33596D00A73B0F /* expand-button.svg in Resources */,
				49BDA8E41A3B03E800022C18 /* unnamed2.jpg in Resources */,
				49C8329E1A33596D00A73B0F /* tag--grilled.svg in Resources */,
				49C832A91A33596D00A73B0F /* tag--vegetarian.svg in Resources */,
				49C832A41A33596D00A73B0F /* tag--seafood.svg in Resources */,
				49C832A71A33596D00A73B0F /* tag--starter.svg in Resources */,
				49C8329D1A33596D00A73B0F /* tag--chicken.svg in Resources */,
				49C8329B1A33596D00A73B0F /* tag--charcoal.svg in Resources */,
				49C832A21A33596D00A73B0F /* tag--peanut.svg in Resources */,
				49C832A51A33596D00A73B0F /* tag--snack.svg in Resources */,
				494F0ECC1A3A20D1007D8960 /* unnamed.jpg in Resources */,
				492A904E1A44933000E0AE9F /* placeholder.jpg in Resources */,
				49C832A61A33596D00A73B0F /* tag--spicy.svg in Resources */,
				49C832A31A33596D00A73B0F /* tag--pork.svg in Resources */,
				49C832A01A33596D00A73B0F /* tag--lamb.svg in Resources */,
				4975EB4F1A2BA5DB00F54354 /* Images.xcassets in Resources */,
				49C8329A1A33596D00A73B0F /* meal-card__curve.svg in Resources */,
				49C832A11A33596D00A73B0F /* tag--pasta.svg in Resources */,
			);
			runOnlyForDeploymentPostprocessing = 0;
		};
		4975EB551A2BA5DB00F54354 /* Resources */ = {
			isa = PBXResourcesBuildPhase;
			buildActionMask = 2147483647;
			files = (
			);
			runOnlyForDeploymentPostprocessing = 0;
		};
/* End PBXResourcesBuildPhase section */

/* Begin PBXShellScriptBuildPhase section */
		7B8C186274FDA7FB30D96E9D /* Check Pods Manifest.lock */ = {
			isa = PBXShellScriptBuildPhase;
			buildActionMask = 2147483647;
			files = (
			);
			inputPaths = (
			);
			name = "Check Pods Manifest.lock";
			outputPaths = (
			);
			runOnlyForDeploymentPostprocessing = 0;
			shellPath = /bin/sh;
			shellScript = "diff \"${PODS_ROOT}/../Podfile.lock\" \"${PODS_ROOT}/Manifest.lock\" > /dev/null\nif [[ $? != 0 ]] ; then\n    cat << EOM\nerror: The sandbox is not in sync with the Podfile.lock. Run 'pod install' or update your CocoaPods installation.\nEOM\n    exit 1\nfi\n";
			showEnvVarsInLog = 0;
		};
		B3D590BECE8D587FABD0EFC5 /* Copy Pods Resources */ = {
			isa = PBXShellScriptBuildPhase;
			buildActionMask = 2147483647;
			files = (
			);
			inputPaths = (
			);
			name = "Copy Pods Resources";
			outputPaths = (
			);
			runOnlyForDeploymentPostprocessing = 0;
			shellPath = /bin/sh;
			shellScript = "\"${SRCROOT}/Pods/Target Support Files/Pods/Pods-resources.sh\"\n";
			showEnvVarsInLog = 0;
		};
/* End PBXShellScriptBuildPhase section */

/* Begin PBXSourcesBuildPhase section */
		4975EB371A2BA5DA00F54354 /* Sources */ = {
			isa = PBXSourcesBuildPhase;
			buildActionMask = 2147483647;
			files = (
				4957BB911A3DF84E00892C45 /* AFURLConnectionOperation.m in Sources */,
				4975EB441A2BA5DA00F54354 /* AppDelegate.m in Sources */,
				4957BBA21A3EBE7100892C45 /* MHSTagDraw.m in Sources */,
				49BDA8FA1A3CA0C800022C18 /* MHSMealCardCurve.m in Sources */,
				4957BB9F1A3DFBB200892C45 /* NSDictionary+meal.m in Sources */,
				4957BB961A3DF84E00892C45 /* UIActivityIndicatorView+AFNetworking.m in Sources */,
				497BDBCB1A59B0F8003E9586 /* MHSorderStatusBarViewController.m in Sources */,
				4957BB8C1A3DF84E00892C45 /* AFHTTPRequestOperation.m in Sources */,
				4957BB931A3DF84E00892C45 /* AFURLResponseSerialization.m in Sources */,
				49E9FD181A37AB8200F9BF50 /* Model.xcdatamodeld in Sources */,
				4957BB991A3DF84E00892C45 /* UIImageView+AFNetworking.m in Sources */,
				497BDBCE1A5AFE62003E9586 /* MHSMealViewController.m in Sources */,
				4957BB9C1A3DF84E00892C45 /* UIWebView+AFNetworking.m in Sources */,
				49C832B41A335B5200A73B0F /* _MHSOrder.m in Sources */,
				49C832B21A335B5200A73B0F /* _MHSMeal.m in Sources */,
				49C832B51A335B5200A73B0F /* _MHSTag.m in Sources */,
				49E9FD071A375BFE00F9BF50 /* MHSSimpleCoreDataStack.m in Sources */,
				49C832BE1A335B5B00A73B0F /* MHSMeal.m in Sources */,
				4957BB901A3DF84E00892C45 /* AFSecurityPolicy.m in Sources */,
				4957BB941A3DF84E00892C45 /* AFURLSessionManager.m in Sources */,
				49307A201A3A3F12005B0937 /* MHSPhoto.m in Sources */,
				4957BB981A3DF84E00892C45 /* UIButton+AFNetworking.m in Sources */,
				49307A1F1A3A3F12005B0937 /* _MHSPhoto.m in Sources */,
				4957BB8E1A3DF84E00892C45 /* AFHTTPSessionManager.m in Sources */,
				49C832BF1A335B5B00A73B0F /* MHSMealOrder.m in Sources */,
				4957BB8F1A3DF84E00892C45 /* AFNetworkReachabilityManager.m in Sources */,
				49E9FD0B1A37628100F9BF50 /* MHSCoreDataTableViewController.m in Sources */,
				4957BB951A3DF84E00892C45 /* AFNetworkActivityIndicatorManager.m in Sources */,
				4957BB8D1A3DF84E00892C45 /* AFHTTPRequestOperationManager.m in Sources */,
				4957BB921A3DF84E00892C45 /* AFURLRequestSerialization.m in Sources */,
				49BDA8F01A3C667600022C18 /* MHSCoreDataViewController.m in Sources */,
				49BDA8FD1A3CA15200022C18 /* FOODitStyleKit.m in Sources */,
				4957BB971A3DF84E00892C45 /* UIAlertView+AFNetworking.m in Sources */,
				49BDA8F31A3C9BC600022C18 /* MHSMealsTableViewController.m in Sources */,
				4957BB9B1A3DF84E00892C45 /* UIRefreshControl+AFNetworking.m in Sources */,
				4957BB9A1A3DF84E00892C45 /* UIProgressView+AFNetworking.m in Sources */,
				49C832C11A335B5B00A73B0F /* MHSTag.m in Sources */,
				49BDA8EA1A3B266800022C18 /* MHSOrderViewController.m in Sources */,
				49C832C01A335B5B00A73B0F /* MHSOrder.m in Sources */,
				49BDA8ED1A3B648A00022C18 /* MHSMyUITableView.m in Sources */,
				4975EB411A2BA5DA00F54354 /* main.m in Sources */,
				49C832B31A335B5200A73B0F /* _MHSMealOrder.m in Sources */,
			);
			runOnlyForDeploymentPostprocessing = 0;
		};
		4975EB531A2BA5DB00F54354 /* Sources */ = {
			isa = PBXSourcesBuildPhase;
			buildActionMask = 2147483647;
			files = (
				4975EB5E1A2BA5DB00F54354 /* FOODitTests.m in Sources */,
			);
			runOnlyForDeploymentPostprocessing = 0;
		};
/* End PBXSourcesBuildPhase section */

/* Begin PBXTargetDependency section */
		4975EB591A2BA5DB00F54354 /* PBXTargetDependency */ = {
			isa = PBXTargetDependency;
			target = 4975EB3A1A2BA5DA00F54354 /* FOODit */;
			targetProxy = 4975EB581A2BA5DB00F54354 /* PBXContainerItemProxy */;
		};
/* End PBXTargetDependency section */

/* Begin PBXVariantGroup section */
		4975EB4B1A2BA5DB00F54354 /* Main.storyboard */ = {
			isa = PBXVariantGroup;
			children = (
				4975EB4C1A2BA5DB00F54354 /* Base */,
			);
			name = Main.storyboard;
			sourceTree = "<group>";
		};
/* End PBXVariantGroup section */

/* Begin XCBuildConfiguration section */
		4975EB5F1A2BA5DB00F54354 /* Debug */ = {
			isa = XCBuildConfiguration;
			buildSettings = {
				ALWAYS_SEARCH_USER_PATHS = NO;
				CLANG_CXX_LANGUAGE_STANDARD = "gnu++0x";
				CLANG_CXX_LIBRARY = "libc++";
				CLANG_ENABLE_MODULES = YES;
				CLANG_ENABLE_OBJC_ARC = YES;
				CLANG_WARN_BOOL_CONVERSION = YES;
				CLANG_WARN_CONSTANT_CONVERSION = YES;
				CLANG_WARN_DIRECT_OBJC_ISA_USAGE = YES_ERROR;
				CLANG_WARN_EMPTY_BODY = YES;
				CLANG_WARN_ENUM_CONVERSION = YES;
				CLANG_WARN_INT_CONVERSION = YES;
				CLANG_WARN_OBJC_ROOT_CLASS = YES_ERROR;
				CLANG_WARN_UNREACHABLE_CODE = YES;
				CLANG_WARN__DUPLICATE_METHOD_MATCH = YES;
				"CODE_SIGN_IDENTITY[sdk=iphoneos*]" = "iPhone Developer";
				COPY_PHASE_STRIP = NO;
				ENABLE_STRICT_OBJC_MSGSEND = YES;
				GCC_C_LANGUAGE_STANDARD = gnu99;
				GCC_DYNAMIC_NO_PIC = NO;
				GCC_OPTIMIZATION_LEVEL = 0;
				GCC_PREPROCESSOR_DEFINITIONS = (
					"DEBUG=1",
					"$(inherited)",
				);
				GCC_SYMBOLS_PRIVATE_EXTERN = NO;
				GCC_WARN_64_TO_32_BIT_CONVERSION = YES;
				GCC_WARN_ABOUT_RETURN_TYPE = YES_ERROR;
				GCC_WARN_UNDECLARED_SELECTOR = YES;
				GCC_WARN_UNINITIALIZED_AUTOS = YES_AGGRESSIVE;
				GCC_WARN_UNUSED_FUNCTION = YES;
				GCC_WARN_UNUSED_VARIABLE = YES;
				HEADER_SEARCH_PATHS = (
					"$(inherited)",
					/Applications/Xcode.app/Contents/Developer/Toolchains/XcodeDefault.xctoolchain/usr/include,
					"\"$(BUILT_PRODUCTS_DIR)/../../Headers\"",
				);
				IPHONEOS_DEPLOYMENT_TARGET = 8.1;
				MTL_ENABLE_DEBUG_INFO = YES;
				ONLY_ACTIVE_ARCH = YES;
				OTHER_LDFLAGS = (
					"-ObjC",
					"-all_load",
				);
				SDKROOT = iphoneos;
			};
			name = Debug;
		};
		4975EB601A2BA5DB00F54354 /* Release */ = {
			isa = XCBuildConfiguration;
			buildSettings = {
				ALWAYS_SEARCH_USER_PATHS = NO;
				CLANG_CXX_LANGUAGE_STANDARD = "gnu++0x";
				CLANG_CXX_LIBRARY = "libc++";
				CLANG_ENABLE_MODULES = YES;
				CLANG_ENABLE_OBJC_ARC = YES;
				CLANG_WARN_BOOL_CONVERSION = YES;
				CLANG_WARN_CONSTANT_CONVERSION = YES;
				CLANG_WARN_DIRECT_OBJC_ISA_USAGE = YES_ERROR;
				CLANG_WARN_EMPTY_BODY = YES;
				CLANG_WARN_ENUM_CONVERSION = YES;
				CLANG_WARN_INT_CONVERSION = YES;
				CLANG_WARN_OBJC_ROOT_CLASS = YES_ERROR;
				CLANG_WARN_UNREACHABLE_CODE = YES;
				CLANG_WARN__DUPLICATE_METHOD_MATCH = YES;
				"CODE_SIGN_IDENTITY[sdk=iphoneos*]" = "iPhone Developer";
				COPY_PHASE_STRIP = YES;
				ENABLE_NS_ASSERTIONS = NO;
				ENABLE_STRICT_OBJC_MSGSEND = YES;
				GCC_C_LANGUAGE_STANDARD = gnu99;
				GCC_WARN_64_TO_32_BIT_CONVERSION = YES;
				GCC_WARN_ABOUT_RETURN_TYPE = YES_ERROR;
				GCC_WARN_UNDECLARED_SELECTOR = YES;
				GCC_WARN_UNINITIALIZED_AUTOS = YES_AGGRESSIVE;
				GCC_WARN_UNUSED_FUNCTION = YES;
				GCC_WARN_UNUSED_VARIABLE = YES;
				HEADER_SEARCH_PATHS = (
					"$(inherited)",
					/Applications/Xcode.app/Contents/Developer/Toolchains/XcodeDefault.xctoolchain/usr/include,
					"\"$(BUILT_PRODUCTS_DIR)/../../Headers\"",
				);
				IPHONEOS_DEPLOYMENT_TARGET = 8.1;
				MTL_ENABLE_DEBUG_INFO = NO;
				OTHER_LDFLAGS = (
					"-ObjC",
					"-all_load",
				);
				SDKROOT = iphoneos;
				VALIDATE_PRODUCT = YES;
			};
			name = Release;
		};
		4975EB621A2BA5DB00F54354 /* Debug */ = {
			isa = XCBuildConfiguration;
			baseConfigurationReference = 037C4FD536C4374F810E0EFE /* Pods.debug.xcconfig */;
			buildSettings = {
				ASSETCATALOG_COMPILER_APPICON_NAME = AppIcon;
				INFOPLIST_FILE = FOODit/Info.plist;
				LD_RUNPATH_SEARCH_PATHS = "$(inherited) @executable_path/Frameworks";
				PRODUCT_NAME = "$(TARGET_NAME)";
			};
			name = Debug;
		};
		4975EB631A2BA5DB00F54354 /* Release */ = {
			isa = XCBuildConfiguration;
			baseConfigurationReference = 9C3DC696EEC10EF50E1D2990 /* Pods.release.xcconfig */;
			buildSettings = {
				ASSETCATALOG_COMPILER_APPICON_NAME = AppIcon;
				INFOPLIST_FILE = FOODit/Info.plist;
				LD_RUNPATH_SEARCH_PATHS = "$(inherited) @executable_path/Frameworks";
				PRODUCT_NAME = "$(TARGET_NAME)";
			};
			name = Release;
		};
		4975EB651A2BA5DB00F54354 /* Debug */ = {
			isa = XCBuildConfiguration;
			buildSettings = {
				BUNDLE_LOADER = "$(TEST_HOST)";
				FRAMEWORK_SEARCH_PATHS = (
					"$(SDKROOT)/Developer/Library/Frameworks",
					"$(inherited)",
				);
				GCC_PREPROCESSOR_DEFINITIONS = (
					"DEBUG=1",
					"$(inherited)",
				);
				INFOPLIST_FILE = FOODitTests/Info.plist;
				LD_RUNPATH_SEARCH_PATHS = "$(inherited) @executable_path/Frameworks @loader_path/Frameworks";
				PRODUCT_NAME = "$(TARGET_NAME)";
				TEST_HOST = "$(BUILT_PRODUCTS_DIR)/FOODit.app/FOODit";
			};
			name = Debug;
		};
		4975EB661A2BA5DB00F54354 /* Release */ = {
			isa = XCBuildConfiguration;
			buildSettings = {
				BUNDLE_LOADER = "$(TEST_HOST)";
				FRAMEWORK_SEARCH_PATHS = (
					"$(SDKROOT)/Developer/Library/Frameworks",
					"$(inherited)",
				);
				INFOPLIST_FILE = FOODitTests/Info.plist;
				LD_RUNPATH_SEARCH_PATHS = "$(inherited) @executable_path/Frameworks @loader_path/Frameworks";
				PRODUCT_NAME = "$(TARGET_NAME)";
				TEST_HOST = "$(BUILT_PRODUCTS_DIR)/FOODit.app/FOODit";
			};
			name = Release;
		};
/* End XCBuildConfiguration section */

/* Begin XCConfigurationList section */
		4975EB361A2BA5DA00F54354 /* Build configuration list for PBXProject "FOODit" */ = {
			isa = XCConfigurationList;
			buildConfigurations = (
				4975EB5F1A2BA5DB00F54354 /* Debug */,
				4975EB601A2BA5DB00F54354 /* Release */,
			);
			defaultConfigurationIsVisible = 0;
			defaultConfigurationName = Release;
		};
		4975EB611A2BA5DB00F54354 /* Build configuration list for PBXNativeTarget "FOODit" */ = {
			isa = XCConfigurationList;
			buildConfigurations = (
				4975EB621A2BA5DB00F54354 /* Debug */,
				4975EB631A2BA5DB00F54354 /* Release */,
			);
			defaultConfigurationIsVisible = 0;
			defaultConfigurationName = Release;
		};
		4975EB641A2BA5DB00F54354 /* Build configuration list for PBXNativeTarget "FOODitTests" */ = {
			isa = XCConfigurationList;
			buildConfigurations = (
				4975EB651A2BA5DB00F54354 /* Debug */,
				4975EB661A2BA5DB00F54354 /* Release */,
			);
			defaultConfigurationIsVisible = 0;
			defaultConfigurationName = Release;
		};
/* End XCConfigurationList section */

/* Begin XCVersionGroup section */
		49E9FD161A37AB8200F9BF50 /* Model.xcdatamodeld */ = {
			isa = XCVersionGroup;
			children = (
				49E9FD171A37AB8200F9BF50 /* Model.xcdatamodel */,
			);
			currentVersion = 49E9FD171A37AB8200F9BF50 /* Model.xcdatamodel */;
			path = Model.xcdatamodeld;
			sourceTree = "<group>";
			versionGroupType = wrapper.xcdatamodel;
		};
/* End XCVersionGroup section */
	};
	rootObject = 4975EB331A2BA5DA00F54354 /* Project object */;
}
