// !$*UTF8*$!
{
	archiveVersion = 1;
	classes = {
	};
	objectVersion = 46;
	objects = {

/* Begin PBXBuildFile section */
		4975EB411A2BA5DA00F54354 /* main.m in Sources */ = {isa = PBXBuildFile; fileRef = 4975EB401A2BA5DA00F54354 /* main.m */; };
		4975EB441A2BA5DA00F54354 /* AppDelegate.m in Sources */ = {isa = PBXBuildFile; fileRef = 4975EB431A2BA5DA00F54354 /* AppDelegate.m */; };
		4975EB471A2BA5DB00F54354 /* FOODit.xcdatamodeld in Sources */ = {isa = PBXBuildFile; fileRef = 4975EB451A2BA5DB00F54354 /* FOODit.xcdatamodeld */; };
		4975EB4A1A2BA5DB00F54354 /* ViewController.m in Sources */ = {isa = PBXBuildFile; fileRef = 4975EB491A2BA5DB00F54354 /* ViewController.m */; };
		4975EB4D1A2BA5DB00F54354 /* Main.storyboard in Resources */ = {isa = PBXBuildFile; fileRef = 4975EB4B1A2BA5DB00F54354 /* Main.storyboard */; };
		4975EB4F1A2BA5DB00F54354 /* Images.xcassets in Resources */ = {isa = PBXBuildFile; fileRef = 4975EB4E1A2BA5DB00F54354 /* Images.xcassets */; };
		4975EB521A2BA5DB00F54354 /* LaunchScreen.xib in Resources */ = {isa = PBXBuildFile; fileRef = 4975EB501A2BA5DB00F54354 /* LaunchScreen.xib */; };
		4975EB5E1A2BA5DB00F54354 /* FOODitTests.m in Sources */ = {isa = PBXBuildFile; fileRef = 4975EB5D1A2BA5DB00F54354 /* FOODitTests.m */; };
/* End PBXBuildFile section */

/* Begin PBXContainerItemProxy section */
		4975EB581A2BA5DB00F54354 /* PBXContainerItemProxy */ = {
			isa = PBXContainerItemProxy;
			containerPortal = 4975EB331A2BA5DA00F54354 /* Project object */;
			proxyType = 1;
			remoteGlobalIDString = 4975EB3A1A2BA5DA00F54354;
			remoteInfo = FOODit;
		};
/* End PBXContainerItemProxy section */

/* Begin PBXFileReference section */
		4975EB3B1A2BA5DA00F54354 /* FOODit.app */ = {isa = PBXFileReference; explicitFileType = wrapper.application; includeInIndex = 0; path = FOODit.app; sourceTree = BUILT_PRODUCTS_DIR; };
		4975EB3F1A2BA5DA00F54354 /* Info.plist */ = {isa = PBXFileReference; lastKnownFileType = text.plist.xml; path = Info.plist; sourceTree = "<group>"; };
		4975EB401A2BA5DA00F54354 /* main.m */ = {isa = PBXFileReference; lastKnownFileType = sourcecode.c.objc; path = main.m; sourceTree = "<group>"; };
		4975EB421A2BA5DA00F54354 /* AppDelegate.h */ = {isa = PBXFileReference; lastKnownFileType = sourcecode.c.h; path = AppDelegate.h; sourceTree = "<group>"; };
		4975EB431A2BA5DA00F54354 /* AppDelegate.m */ = {isa = PBXFileReference; lastKnownFileType = sourcecode.c.objc; path = AppDelegate.m; sourceTree = "<group>"; };
		4975EB461A2BA5DB00F54354 /* FOODit.xcdatamodel */ = {isa = PBXFileReference; lastKnownFileType = wrapper.xcdatamodel; path = FOODit.xcdatamodel; sourceTree = "<group>"; };
		4975EB481A2BA5DB00F54354 /* ViewController.h */ = {isa = PBXFileReference; lastKnownFileType = sourcecode.c.h; path = ViewController.h; sourceTree = "<group>"; };
		4975EB491A2BA5DB00F54354 /* ViewController.m */ = {isa = PBXFileReference; lastKnownFileType = sourcecode.c.objc; path = ViewController.m; sourceTree = "<group>"; };
		4975EB4C1A2BA5DB00F54354 /* Base */ = {isa = PBXFileReference; lastKnownFileType = file.storyboard; name = Base; path = Base.lproj/Main.storyboard; sourceTree = "<group>"; };
		4975EB4E1A2BA5DB00F54354 /* Images.xcassets */ = {isa = PBXFileReference; lastKnownFileType = folder.assetcatalog; path = Images.xcassets; sourceTree = "<group>"; };
		4975EB511A2BA5DB00F54354 /* Base */ = {isa = PBXFileReference; lastKnownFileType = file.xib; name = Base; path = Base.lproj/LaunchScreen.xib; sourceTree = "<group>"; };
		4975EB571A2BA5DB00F54354 /* FOODitTests.xctest */ = {isa = PBXFileReference; explicitFileType = wrapper.cfbundle; includeInIndex = 0; path = FOODitTests.xctest; sourceTree = BUILT_PRODUCTS_DIR; };
		4975EB5C1A2BA5DB00F54354 /* Info.plist */ = {isa = PBXFileReference; lastKnownFileType = text.plist.xml; path = Info.plist; sourceTree = "<group>"; };
		4975EB5D1A2BA5DB00F54354 /* FOODitTests.m */ = {isa = PBXFileReference; lastKnownFileType = sourcecode.c.objc; path = FOODitTests.m; sourceTree = "<group>"; };
/* End PBXFileReference section */

/* Begin PBXFrameworksBuildPhase section */
		4975EB381A2BA5DA00F54354 /* Frameworks */ = {
			isa = PBXFrameworksBuildPhase;
			buildActionMask = 2147483647;
			files = (
			);
			runOnlyForDeploymentPostprocessing = 0;
		};
		4975EB541A2BA5DB00F54354 /* Frameworks */ = {
			isa = PBXFrameworksBuildPhase;
			buildActionMask = 2147483647;
			files = (
			);
			runOnlyForDeploymentPostprocessing = 0;
		};
/* End PBXFrameworksBuildPhase section */

/* Begin PBXGroup section */
		4975EB321A2BA5DA00F54354 = {
			isa = PBXGroup;
			children = (
				4975EB3D1A2BA5DA00F54354 /* FOODit */,
				4975EB5A1A2BA5DB00F54354 /* FOODitTests */,
				4975EB3C1A2BA5DA00F54354 /* Products */,
			);
			sourceTree = "<group>";
		};
		4975EB3C1A2BA5DA00F54354 /* Products */ = {
			isa = PBXGroup;
			children = (
				4975EB3B1A2BA5DA00F54354 /* FOODit.app */,
				4975EB571A2BA5DB00F54354 /* FOODitTests.xctest */,
			);
			name = Products;
			sourceTree = "<group>";
		};
		4975EB3D1A2BA5DA00F54354 /* FOODit */ = {
			isa = PBXGroup;
			children = (
				4975EB421A2BA5DA00F54354 /* AppDelegate.h */,
				4975EB431A2BA5DA00F54354 /* AppDelegate.m */,
				4975EB481A2BA5DB00F54354 /* ViewController.h */,
				4975EB491A2BA5DB00F54354 /* ViewController.m */,
				4975EB4B1A2BA5DB00F54354 /* Main.storyboard */,
				4975EB4E1A2BA5DB00F54354 /* Images.xcassets */,
				4975EB501A2BA5DB00F54354 /* LaunchScreen.xib */,
				4975EB451A2BA5DB00F54354 /* FOODit.xcdatamodeld */,
				4975EB3E1A2BA5DA00F54354 /* Supporting Files */,
			);
			path = FOODit;
			sourceTree = "<group>";
		};
		4975EB3E1A2BA5DA00F54354 /* Supporting Files */ = {
			isa = PBXGroup;
			children = (
				4975EB3F1A2BA5DA00F54354 /* Info.plist */,
				4975EB401A2BA5DA00F54354 /* main.m */,
			);
			name = "Supporting Files";
			sourceTree = "<group>";
		};
		4975EB5A1A2BA5DB00F54354 /* FOODitTests */ = {
			isa = PBXGroup;
			children = (
				4975EB5D1A2BA5DB00F54354 /* FOODitTests.m */,
				4975EB5B1A2BA5DB00F54354 /* Supporting Files */,
			);
			path = FOODitTests;
			sourceTree = "<group>";
		};
		4975EB5B1A2BA5DB00F54354 /* Supporting Files */ = {
			isa = PBXGroup;
			children = (
				4975EB5C1A2BA5DB00F54354 /* Info.plist */,
			);
			name = "Supporting Files";
			sourceTree = "<group>";
		};
/* End PBXGroup section */

/* Begin PBXNativeTarget section */
		4975EB3A1A2BA5DA00F54354 /* FOODit */ = {
			isa = PBXNativeTarget;
			buildConfigurationList = 4975EB611A2BA5DB00F54354 /* Build configuration list for PBXNativeTarget "FOODit" */;
			buildPhases = (
				4975EB371A2BA5DA00F54354 /* Sources */,
				4975EB381A2BA5DA00F54354 /* Frameworks */,
				4975EB391A2BA5DA00F54354 /* Resources */,
			);
			buildRules = (
			);
			dependencies = (
			);
			name = FOODit;
			productName = FOODit;
			productReference = 4975EB3B1A2BA5DA00F54354 /* FOODit.app */;
			productType = "com.apple.product-type.application";
		};
		4975EB561A2BA5DB00F54354 /* FOODitTests */ = {
			isa = PBXNativeTarget;
			buildConfigurationList = 4975EB641A2BA5DB00F54354 /* Build configuration list for PBXNativeTarget "FOODitTests" */;
			buildPhases = (
				4975EB531A2BA5DB00F54354 /* Sources */,
				4975EB541A2BA5DB00F54354 /* Frameworks */,
				4975EB551A2BA5DB00F54354 /* Resources */,
			);
			buildRules = (
			);
			dependencies = (
				4975EB591A2BA5DB00F54354 /* PBXTargetDependency */,
			);
			name = FOODitTests;
			productName = FOODitTests;
			productReference = 4975EB571A2BA5DB00F54354 /* FOODitTests.xctest */;
			productType = "com.apple.product-type.bundle.unit-test";
		};
/* End PBXNativeTarget section */

/* Begin PBXProject section */
		4975EB331A2BA5DA00F54354 /* Project object */ = {
			isa = PBXProject;
			attributes = {
				LastUpgradeCheck = 0610;
				TargetAttributes = {
					4975EB3A1A2BA5DA00F54354 = {
						CreatedOnToolsVersion = 6.1;
					};
					4975EB561A2BA5DB00F54354 = {
						CreatedOnToolsVersion = 6.1;
						TestTargetID = 4975EB3A1A2BA5DA00F54354;
					};
				};
			};
			buildConfigurationList = 4975EB361A2BA5DA00F54354 /* Build configuration list for PBXProject "FOODit" */;
			compatibilityVersion = "Xcode 3.2";
			developmentRegion = English;
			hasScannedForEncodings = 0;
			knownRegions = (
				en,
				Base,
			);
			mainGroup = 4975EB321A2BA5DA00F54354;
			productRefGroup = 4975EB3C1A2BA5DA00F54354 /* Products */;
			projectDirPath = "";
			projectRoot = "";
			targets = (
				4975EB3A1A2BA5DA00F54354 /* FOODit */,
				4975EB561A2BA5DB00F54354 /* FOODitTests */,
			);
		};
/* End PBXProject section */

/* Begin PBXResourcesBuildPhase section */
		4975EB391A2BA5DA00F54354 /* Resources */ = {
			isa = PBXResourcesBuildPhase;
			buildActionMask = 2147483647;
			files = (
				4975EB4D1A2BA5DB00F54354 /* Main.storyboard in Resources */,
				4975EB521A2BA5DB00F54354 /* LaunchScreen.xib in Resources */,
				4975EB4F1A2BA5DB00F54354 /* Images.xcassets in Resources */,
			);
			runOnlyForDeploymentPostprocessing = 0;
		};
		4975EB551A2BA5DB00F54354 /* Resources */ = {
			isa = PBXResourcesBuildPhase;
			buildActionMask = 2147483647;
			files = (
			);
			runOnlyForDeploymentPostprocessing = 0;
		};
/* End PBXResourcesBuildPhase section */

/* Begin PBXSourcesBuildPhase section */
		4975EB371A2BA5DA00F54354 /* Sources */ = {
			isa = PBXSourcesBuildPhase;
			buildActionMask = 2147483647;
			files = (
				4975EB441A2BA5DA00F54354 /* AppDelegate.m in Sources */,
				4975EB471A2BA5DB00F54354 /* FOODit.xcdatamodeld in Sources */,
				4975EB4A1A2BA5DB00F54354 /* ViewController.m in Sources */,
				4975EB411A2BA5DA00F54354 /* main.m in Sources */,
			);
			runOnlyForDeploymentPostprocessing = 0;
		};
		4975EB531A2BA5DB00F54354 /* Sources */ = {
			isa = PBXSourcesBuildPhase;
			buildActionMask = 2147483647;
			files = (
				4975EB5E1A2BA5DB00F54354 /* FOODitTests.m in Sources */,
			);
			runOnlyForDeploymentPostprocessing = 0;
		};
/* End PBXSourcesBuildPhase section */

/* Begin PBXTargetDependency section */
		4975EB591A2BA5DB00F54354 /* PBXTargetDependency */ = {
			isa = PBXTargetDependency;
			target = 4975EB3A1A2BA5DA00F54354 /* FOODit */;
			targetProxy = 4975EB581A2BA5DB00F54354 /* PBXContainerItemProxy */;
		};
/* End PBXTargetDependency section */

/* Begin PBXVariantGroup section */
		4975EB4B1A2BA5DB00F54354 /* Main.storyboard */ = {
			isa = PBXVariantGroup;
			children = (
				4975EB4C1A2BA5DB00F54354 /* Base */,
			);
			name = Main.storyboard;
			sourceTree = "<group>";
		};
		4975EB501A2BA5DB00F54354 /* LaunchScreen.xib */ = {
			isa = PBXVariantGroup;
			children = (
				4975EB511A2BA5DB00F54354 /* Base */,
			);
			name = LaunchScreen.xib;
			sourceTree = "<group>";
		};
/* End PBXVariantGroup section */

/* Begin XCBuildConfiguration section */
		4975EB5F1A2BA5DB00F54354 /* Debug */ = {
			isa = XCBuildConfiguration;
			buildSettings = {
				ALWAYS_SEARCH_USER_PATHS = NO;
				CLANG_CXX_LANGUAGE_STANDARD = "gnu++0x";
				CLANG_CXX_LIBRARY = "libc++";
				CLANG_ENABLE_MODULES = YES;
				CLANG_ENABLE_OBJC_ARC = YES;
				CLANG_WARN_BOOL_CONVERSION = YES;
				CLANG_WARN_CONSTANT_CONVERSION = YES;
				CLANG_WARN_DIRECT_OBJC_ISA_USAGE = YES_ERROR;
				CLANG_WARN_EMPTY_BODY = YES;
				CLANG_WARN_ENUM_CONVERSION = YES;
				CLANG_WARN_INT_CONVERSION = YES;
				CLANG_WARN_OBJC_ROOT_CLASS = YES_ERROR;
				CLANG_WARN_UNREACHABLE_CODE = YES;
				CLANG_WARN__DUPLICATE_METHOD_MATCH = YES;
				"CODE_SIGN_IDENTITY[sdk=iphoneos*]" = "iPhone Developer";
				COPY_PHASE_STRIP = NO;
				ENABLE_STRICT_OBJC_MSGSEND = YES;
				GCC_C_LANGUAGE_STANDARD = gnu99;
				GCC_DYNAMIC_NO_PIC = NO;
				GCC_OPTIMIZATION_LEVEL = 0;
				GCC_PREPROCESSOR_DEFINITIONS = (
					"DEBUG=1",
					"$(inherited)",
				);
				GCC_SYMBOLS_PRIVATE_EXTERN = NO;
				GCC_WARN_64_TO_32_BIT_CONVERSION = YES;
				GCC_WARN_ABOUT_RETURN_TYPE = YES_ERROR;
				GCC_WARN_UNDECLARED_SELECTOR = YES;
				GCC_WARN_UNINITIALIZED_AUTOS = YES_AGGRESSIVE;
				GCC_WARN_UNUSED_FUNCTION = YES;
				GCC_WARN_UNUSED_VARIABLE = YES;
				IPHONEOS_DEPLOYMENT_TARGET = 8.1;
				MTL_ENABLE_DEBUG_INFO = YES;
				ONLY_ACTIVE_ARCH = YES;
				SDKROOT = iphoneos;
			};
			name = Debug;
		};
		4975EB601A2BA5DB00F54354 /* Release */ = {
			isa = XCBuildConfiguration;
			buildSettings = {
				ALWAYS_SEARCH_USER_PATHS = NO;
				CLANG_CXX_LANGUAGE_STANDARD = "gnu++0x";
				CLANG_CXX_LIBRARY = "libc++";
				CLANG_ENABLE_MODULES = YES;
				CLANG_ENABLE_OBJC_ARC = YES;
				CLANG_WARN_BOOL_CONVERSION = YES;
				CLANG_WARN_CONSTANT_CONVERSION = YES;
				CLANG_WARN_DIRECT_OBJC_ISA_USAGE = YES_ERROR;
				CLANG_WARN_EMPTY_BODY = YES;
				CLANG_WARN_ENUM_CONVERSION = YES;
				CLANG_WARN_INT_CONVERSION = YES;
				CLANG_WARN_OBJC_ROOT_CLASS = YES_ERROR;
				CLANG_WARN_UNREACHABLE_CODE = YES;
				CLANG_WARN__DUPLICATE_METHOD_MATCH = YES;
				"CODE_SIGN_IDENTITY[sdk=iphoneos*]" = "iPhone Developer";
				COPY_PHASE_STRIP = YES;
				ENABLE_NS_ASSERTIONS = NO;
				ENABLE_STRICT_OBJC_MSGSEND = YES;
				GCC_C_LANGUAGE_STANDARD = gnu99;
				GCC_WARN_64_TO_32_BIT_CONVERSION = YES;
				GCC_WARN_ABOUT_RETURN_TYPE = YES_ERROR;
				GCC_WARN_UNDECLARED_SELECTOR = YES;
				GCC_WARN_UNINITIALIZED_AUTOS = YES_AGGRESSIVE;
				GCC_WARN_UNUSED_FUNCTION = YES;
				GCC_WARN_UNUSED_VARIABLE = YES;
				IPHONEOS_DEPLOYMENT_TARGET = 8.1;
				MTL_ENABLE_DEBUG_INFO = NO;
				SDKROOT = iphoneos;
				VALIDATE_PRODUCT = YES;
			};
			name = Release;
		};
		4975EB621A2BA5DB00F54354 /* Debug */ = {
			isa = XCBuildConfiguration;
			buildSettings = {
				ASSETCATALOG_COMPILER_APPICON_NAME = AppIcon;
				INFOPLIST_FILE = FOODit/Info.plist;
				LD_RUNPATH_SEARCH_PATHS = "$(inherited) @executable_path/Frameworks";
				PRODUCT_NAME = "$(TARGET_NAME)";
			};
			name = Debug;
		};
		4975EB631A2BA5DB00F54354 /* Release */ = {
			isa = XCBuildConfiguration;
			buildSettings = {
				ASSETCATALOG_COMPILER_APPICON_NAME = AppIcon;
				INFOPLIST_FILE = FOODit/Info.plist;
				LD_RUNPATH_SEARCH_PATHS = "$(inherited) @executable_path/Frameworks";
				PRODUCT_NAME = "$(TARGET_NAME)";
			};
			name = Release;
		};
		4975EB651A2BA5DB00F54354 /* Debug */ = {
			isa = XCBuildConfiguration;
			buildSettings = {
				BUNDLE_LOADER = "$(TEST_HOST)";
				FRAMEWORK_SEARCH_PATHS = (
					"$(SDKROOT)/Developer/Library/Frameworks",
					"$(inherited)",
				);
				GCC_PREPROCESSOR_DEFINITIONS = (
					"DEBUG=1",
					"$(inherited)",
				);
				INFOPLIST_FILE = FOODitTests/Info.plist;
				LD_RUNPATH_SEARCH_PATHS = "$(inherited) @executable_path/Frameworks @loader_path/Frameworks";
				PRODUCT_NAME = "$(TARGET_NAME)";
				TEST_HOST = "$(BUILT_PRODUCTS_DIR)/FOODit.app/FOODit";
			};
			name = Debug;
		};
		4975EB661A2BA5DB00F54354 /* Release */ = {
			isa = XCBuildConfiguration;
			buildSettings = {
				BUNDLE_LOADER = "$(TEST_HOST)";
				FRAMEWORK_SEARCH_PATHS = (
					"$(SDKROOT)/Developer/Library/Frameworks",
					"$(inherited)",
				);
				INFOPLIST_FILE = FOODitTests/Info.plist;
				LD_RUNPATH_SEARCH_PATHS = "$(inherited) @executable_path/Frameworks @loader_path/Frameworks";
				PRODUCT_NAME = "$(TARGET_NAME)";
				TEST_HOST = "$(BUILT_PRODUCTS_DIR)/FOODit.app/FOODit";
			};
			name = Release;
		};
/* End XCBuildConfiguration section */

/* Begin XCConfigurationList section */
		4975EB361A2BA5DA00F54354 /* Build configuration list for PBXProject "FOODit" */ = {
			isa = XCConfigurationList;
			buildConfigurations = (
				4975EB5F1A2BA5DB00F54354 /* Debug */,
				4975EB601A2BA5DB00F54354 /* Release */,
			);
			defaultConfigurationIsVisible = 0;
			defaultConfigurationName = Release;
		};
		4975EB611A2BA5DB00F54354 /* Build configuration list for PBXNativeTarget "FOODit" */ = {
			isa = XCConfigurationList;
			buildConfigurations = (
				4975EB621A2BA5DB00F54354 /* Debug */,
				4975EB631A2BA5DB00F54354 /* Release */,
			);
			defaultConfigurationIsVisible = 0;
		};
		4975EB641A2BA5DB00F54354 /* Build configuration list for PBXNativeTarget "FOODitTests" */ = {
			isa = XCConfigurationList;
			buildConfigurations = (
				4975EB651A2BA5DB00F54354 /* Debug */,
				4975EB661A2BA5DB00F54354 /* Release */,
			);
			defaultConfigurationIsVisible = 0;
		};
/* End XCConfigurationList section */

/* Begin XCVersionGroup section */
		4975EB451A2BA5DB00F54354 /* FOODit.xcdatamodeld */ = {
			isa = XCVersionGroup;
			children = (
				4975EB461A2BA5DB00F54354 /* FOODit.xcdatamodel */,
			);
			currentVersion = 4975EB461A2BA5DB00F54354 /* FOODit.xcdatamodel */;
			path = FOODit.xcdatamodeld;
			sourceTree = "<group>";
			versionGroupType = wrapper.xcdatamodel;
		};
/* End XCVersionGroup section */
	};
	rootObject = 4975EB331A2BA5DA00F54354 /* Project object */;
}
